// !$*UTF8*$!
{
	archiveVersion = 1;
	classes = {
	};
	objectVersion = 46;
	objects = {

/* Begin PBXAggregateTarget section */
		270B11A91628E667005A82FA /* CocoaHTTPServerIOS */ = {
			isa = PBXAggregateTarget;
			buildConfigurationList = 270B11AA1628E667005A82FA /* Build configuration list for PBXAggregateTarget "CocoaHTTPServerIOS" */;
			buildPhases = (
				270B11CC1628E9B0005A82FA /* Build Framework */,
			);
			dependencies = (
				270B12851628EB41005A82FA /* PBXTargetDependency */,
				270B11CB1628E9A5005A82FA /* PBXTargetDependency */,
			);
			name = CocoaHTTPServerIOS;
			productName = CocoaHTTPServerIOS;
		};
/* End PBXAggregateTarget section */

/* Begin PBXBuildFile section */
		270B11941628E5A8005A82FA /* Foundation.framework in Frameworks */ = {isa = PBXBuildFile; fileRef = 270B11931628E5A8005A82FA /* Foundation.framework */; };
		270B11B41628E676005A82FA /* Cocoa.framework in Frameworks */ = {isa = PBXBuildFile; fileRef = 270B11B31628E676005A82FA /* Cocoa.framework */; };
		270B12041628EA8C005A82FA /* DDData.h in Headers */ = {isa = PBXBuildFile; fileRef = 270B11D41628EA8C005A82FA /* DDData.h */; settings = {ATTRIBUTES = (Public, ); }; };
		270B12051628EA8C005A82FA /* DDData.h in Headers */ = {isa = PBXBuildFile; fileRef = 270B11D41628EA8C005A82FA /* DDData.h */; settings = {ATTRIBUTES = (Public, ); }; };
		270B12061628EA8C005A82FA /* DDData.m in Sources */ = {isa = PBXBuildFile; fileRef = 270B11D51628EA8C005A82FA /* DDData.m */; };
		270B12071628EA8C005A82FA /* DDData.m in Sources */ = {isa = PBXBuildFile; fileRef = 270B11D51628EA8C005A82FA /* DDData.m */; };
		270B12081628EA8C005A82FA /* DDNumber.h in Headers */ = {isa = PBXBuildFile; fileRef = 270B11D61628EA8C005A82FA /* DDNumber.h */; settings = {ATTRIBUTES = (Public, ); }; };
		270B12091628EA8C005A82FA /* DDNumber.h in Headers */ = {isa = PBXBuildFile; fileRef = 270B11D61628EA8C005A82FA /* DDNumber.h */; settings = {ATTRIBUTES = (Public, ); }; };
		270B120A1628EA8C005A82FA /* DDNumber.m in Sources */ = {isa = PBXBuildFile; fileRef = 270B11D71628EA8C005A82FA /* DDNumber.m */; };
		270B120B1628EA8C005A82FA /* DDNumber.m in Sources */ = {isa = PBXBuildFile; fileRef = 270B11D71628EA8C005A82FA /* DDNumber.m */; };
		270B120C1628EA8C005A82FA /* DDRange.h in Headers */ = {isa = PBXBuildFile; fileRef = 270B11D81628EA8C005A82FA /* DDRange.h */; settings = {ATTRIBUTES = (Public, ); }; };
		270B120D1628EA8C005A82FA /* DDRange.h in Headers */ = {isa = PBXBuildFile; fileRef = 270B11D81628EA8C005A82FA /* DDRange.h */; settings = {ATTRIBUTES = (Public, ); }; };
		270B120E1628EA8C005A82FA /* DDRange.m in Sources */ = {isa = PBXBuildFile; fileRef = 270B11D91628EA8C005A82FA /* DDRange.m */; };
		270B120F1628EA8C005A82FA /* DDRange.m in Sources */ = {isa = PBXBuildFile; fileRef = 270B11D91628EA8C005A82FA /* DDRange.m */; };
		270B12101628EA8C005A82FA /* HTTPAuthenticationRequest.h in Headers */ = {isa = PBXBuildFile; fileRef = 270B11DA1628EA8C005A82FA /* HTTPAuthenticationRequest.h */; settings = {ATTRIBUTES = (Public, ); }; };
		270B12111628EA8C005A82FA /* HTTPAuthenticationRequest.h in Headers */ = {isa = PBXBuildFile; fileRef = 270B11DA1628EA8C005A82FA /* HTTPAuthenticationRequest.h */; settings = {ATTRIBUTES = (Public, ); }; };
		270B12121628EA8C005A82FA /* HTTPAuthenticationRequest.m in Sources */ = {isa = PBXBuildFile; fileRef = 270B11DB1628EA8C005A82FA /* HTTPAuthenticationRequest.m */; };
		270B12131628EA8C005A82FA /* HTTPAuthenticationRequest.m in Sources */ = {isa = PBXBuildFile; fileRef = 270B11DB1628EA8C005A82FA /* HTTPAuthenticationRequest.m */; };
		270B12141628EA8C005A82FA /* HTTPConnection.h in Headers */ = {isa = PBXBuildFile; fileRef = 270B11DC1628EA8C005A82FA /* HTTPConnection.h */; settings = {ATTRIBUTES = (Public, ); }; };
		270B12151628EA8C005A82FA /* HTTPConnection.h in Headers */ = {isa = PBXBuildFile; fileRef = 270B11DC1628EA8C005A82FA /* HTTPConnection.h */; settings = {ATTRIBUTES = (Public, ); }; };
		270B12161628EA8C005A82FA /* HTTPConnection.m in Sources */ = {isa = PBXBuildFile; fileRef = 270B11DD1628EA8C005A82FA /* HTTPConnection.m */; };
		270B12171628EA8C005A82FA /* HTTPConnection.m in Sources */ = {isa = PBXBuildFile; fileRef = 270B11DD1628EA8C005A82FA /* HTTPConnection.m */; };
		270B12181628EA8C005A82FA /* HTTPLogging.h in Headers */ = {isa = PBXBuildFile; fileRef = 270B11DE1628EA8C005A82FA /* HTTPLogging.h */; settings = {ATTRIBUTES = (Public, ); }; };
		270B12191628EA8C005A82FA /* HTTPLogging.h in Headers */ = {isa = PBXBuildFile; fileRef = 270B11DE1628EA8C005A82FA /* HTTPLogging.h */; settings = {ATTRIBUTES = (Public, ); }; };
		270B121A1628EA8C005A82FA /* HTTPMessage.h in Headers */ = {isa = PBXBuildFile; fileRef = 270B11DF1628EA8C005A82FA /* HTTPMessage.h */; settings = {ATTRIBUTES = (Public, ); }; };
		270B121B1628EA8C005A82FA /* HTTPMessage.h in Headers */ = {isa = PBXBuildFile; fileRef = 270B11DF1628EA8C005A82FA /* HTTPMessage.h */; settings = {ATTRIBUTES = (Public, ); }; };
		270B121C1628EA8C005A82FA /* HTTPMessage.m in Sources */ = {isa = PBXBuildFile; fileRef = 270B11E01628EA8C005A82FA /* HTTPMessage.m */; };
		270B121D1628EA8C005A82FA /* HTTPMessage.m in Sources */ = {isa = PBXBuildFile; fileRef = 270B11E01628EA8C005A82FA /* HTTPMessage.m */; };
		270B121E1628EA8C005A82FA /* HTTPResponse.h in Headers */ = {isa = PBXBuildFile; fileRef = 270B11E11628EA8C005A82FA /* HTTPResponse.h */; settings = {ATTRIBUTES = (Public, ); }; };
		270B121F1628EA8C005A82FA /* HTTPResponse.h in Headers */ = {isa = PBXBuildFile; fileRef = 270B11E11628EA8C005A82FA /* HTTPResponse.h */; settings = {ATTRIBUTES = (Public, ); }; };
		270B12201628EA8C005A82FA /* HTTPServer.h in Headers */ = {isa = PBXBuildFile; fileRef = 270B11E21628EA8C005A82FA /* HTTPServer.h */; settings = {ATTRIBUTES = (Public, ); }; };
		270B12211628EA8C005A82FA /* HTTPServer.h in Headers */ = {isa = PBXBuildFile; fileRef = 270B11E21628EA8C005A82FA /* HTTPServer.h */; settings = {ATTRIBUTES = (Public, ); }; };
		270B12221628EA8C005A82FA /* HTTPServer.m in Sources */ = {isa = PBXBuildFile; fileRef = 270B11E31628EA8C005A82FA /* HTTPServer.m */; };
		270B12231628EA8C005A82FA /* HTTPServer.m in Sources */ = {isa = PBXBuildFile; fileRef = 270B11E31628EA8C005A82FA /* HTTPServer.m */; };
		270B12241628EA8C005A82FA /* MultipartFormDataParser.h in Headers */ = {isa = PBXBuildFile; fileRef = 270B11E51628EA8C005A82FA /* MultipartFormDataParser.h */; settings = {ATTRIBUTES = (Public, ); }; };
		270B12251628EA8C005A82FA /* MultipartFormDataParser.h in Headers */ = {isa = PBXBuildFile; fileRef = 270B11E51628EA8C005A82FA /* MultipartFormDataParser.h */; settings = {ATTRIBUTES = (Public, ); }; };
		270B12261628EA8C005A82FA /* MultipartFormDataParser.m in Sources */ = {isa = PBXBuildFile; fileRef = 270B11E61628EA8C005A82FA /* MultipartFormDataParser.m */; };
		270B12271628EA8C005A82FA /* MultipartFormDataParser.m in Sources */ = {isa = PBXBuildFile; fileRef = 270B11E61628EA8C005A82FA /* MultipartFormDataParser.m */; };
		270B12281628EA8C005A82FA /* MultipartMessageHeader.h in Headers */ = {isa = PBXBuildFile; fileRef = 270B11E71628EA8C005A82FA /* MultipartMessageHeader.h */; settings = {ATTRIBUTES = (Public, ); }; };
		270B12291628EA8C005A82FA /* MultipartMessageHeader.h in Headers */ = {isa = PBXBuildFile; fileRef = 270B11E71628EA8C005A82FA /* MultipartMessageHeader.h */; settings = {ATTRIBUTES = (Public, ); }; };
		270B122A1628EA8C005A82FA /* MultipartMessageHeader.m in Sources */ = {isa = PBXBuildFile; fileRef = 270B11E81628EA8C005A82FA /* MultipartMessageHeader.m */; };
		270B122B1628EA8C005A82FA /* MultipartMessageHeader.m in Sources */ = {isa = PBXBuildFile; fileRef = 270B11E81628EA8C005A82FA /* MultipartMessageHeader.m */; };
		270B122C1628EA8C005A82FA /* MultipartMessageHeaderField.h in Headers */ = {isa = PBXBuildFile; fileRef = 270B11E91628EA8C005A82FA /* MultipartMessageHeaderField.h */; settings = {ATTRIBUTES = (Public, ); }; };
		270B122D1628EA8C005A82FA /* MultipartMessageHeaderField.h in Headers */ = {isa = PBXBuildFile; fileRef = 270B11E91628EA8C005A82FA /* MultipartMessageHeaderField.h */; settings = {ATTRIBUTES = (Public, ); }; };
		270B122E1628EA8C005A82FA /* MultipartMessageHeaderField.m in Sources */ = {isa = PBXBuildFile; fileRef = 270B11EA1628EA8C005A82FA /* MultipartMessageHeaderField.m */; };
		270B122F1628EA8C005A82FA /* MultipartMessageHeaderField.m in Sources */ = {isa = PBXBuildFile; fileRef = 270B11EA1628EA8C005A82FA /* MultipartMessageHeaderField.m */; };
		270B12301628EA8C005A82FA /* HTTPAsyncFileResponse.h in Headers */ = {isa = PBXBuildFile; fileRef = 270B11EC1628EA8C005A82FA /* HTTPAsyncFileResponse.h */; settings = {ATTRIBUTES = (Public, ); }; };
		270B12311628EA8C005A82FA /* HTTPAsyncFileResponse.h in Headers */ = {isa = PBXBuildFile; fileRef = 270B11EC1628EA8C005A82FA /* HTTPAsyncFileResponse.h */; settings = {ATTRIBUTES = (Public, ); }; };
		270B12321628EA8C005A82FA /* HTTPAsyncFileResponse.m in Sources */ = {isa = PBXBuildFile; fileRef = 270B11ED1628EA8C005A82FA /* HTTPAsyncFileResponse.m */; };
		270B12331628EA8C005A82FA /* HTTPAsyncFileResponse.m in Sources */ = {isa = PBXBuildFile; fileRef = 270B11ED1628EA8C005A82FA /* HTTPAsyncFileResponse.m */; };
		270B12341628EA8C005A82FA /* HTTPDataResponse.h in Headers */ = {isa = PBXBuildFile; fileRef = 270B11EE1628EA8C005A82FA /* HTTPDataResponse.h */; settings = {ATTRIBUTES = (Public, ); }; };
		270B12351628EA8C005A82FA /* HTTPDataResponse.h in Headers */ = {isa = PBXBuildFile; fileRef = 270B11EE1628EA8C005A82FA /* HTTPDataResponse.h */; settings = {ATTRIBUTES = (Public, ); }; };
		270B12361628EA8C005A82FA /* HTTPDataResponse.m in Sources */ = {isa = PBXBuildFile; fileRef = 270B11EF1628EA8C005A82FA /* HTTPDataResponse.m */; };
		270B12371628EA8C005A82FA /* HTTPDataResponse.m in Sources */ = {isa = PBXBuildFile; fileRef = 270B11EF1628EA8C005A82FA /* HTTPDataResponse.m */; };
		270B12381628EA8C005A82FA /* HTTPDynamicFileResponse.h in Headers */ = {isa = PBXBuildFile; fileRef = 270B11F01628EA8C005A82FA /* HTTPDynamicFileResponse.h */; settings = {ATTRIBUTES = (Public, ); }; };
		270B12391628EA8C005A82FA /* HTTPDynamicFileResponse.h in Headers */ = {isa = PBXBuildFile; fileRef = 270B11F01628EA8C005A82FA /* HTTPDynamicFileResponse.h */; settings = {ATTRIBUTES = (Public, ); }; };
		270B123A1628EA8C005A82FA /* HTTPDynamicFileResponse.m in Sources */ = {isa = PBXBuildFile; fileRef = 270B11F11628EA8C005A82FA /* HTTPDynamicFileResponse.m */; };
		270B123B1628EA8C005A82FA /* HTTPDynamicFileResponse.m in Sources */ = {isa = PBXBuildFile; fileRef = 270B11F11628EA8C005A82FA /* HTTPDynamicFileResponse.m */; };
		270B123C1628EA8C005A82FA /* HTTPFileResponse.h in Headers */ = {isa = PBXBuildFile; fileRef = 270B11F21628EA8C005A82FA /* HTTPFileResponse.h */; settings = {ATTRIBUTES = (Public, ); }; };
		270B123D1628EA8C005A82FA /* HTTPFileResponse.h in Headers */ = {isa = PBXBuildFile; fileRef = 270B11F21628EA8C005A82FA /* HTTPFileResponse.h */; settings = {ATTRIBUTES = (Public, ); }; };
		270B123E1628EA8C005A82FA /* HTTPFileResponse.m in Sources */ = {isa = PBXBuildFile; fileRef = 270B11F31628EA8C005A82FA /* HTTPFileResponse.m */; };
		270B123F1628EA8C005A82FA /* HTTPFileResponse.m in Sources */ = {isa = PBXBuildFile; fileRef = 270B11F31628EA8C005A82FA /* HTTPFileResponse.m */; };
		270B12401628EA8C005A82FA /* HTTPRedirectResponse.h in Headers */ = {isa = PBXBuildFile; fileRef = 270B11F41628EA8C005A82FA /* HTTPRedirectResponse.h */; settings = {ATTRIBUTES = (Public, ); }; };
		270B12411628EA8C005A82FA /* HTTPRedirectResponse.h in Headers */ = {isa = PBXBuildFile; fileRef = 270B11F41628EA8C005A82FA /* HTTPRedirectResponse.h */; settings = {ATTRIBUTES = (Public, ); }; };
		270B12421628EA8C005A82FA /* HTTPRedirectResponse.m in Sources */ = {isa = PBXBuildFile; fileRef = 270B11F51628EA8C005A82FA /* HTTPRedirectResponse.m */; };
		270B12431628EA8C005A82FA /* HTTPRedirectResponse.m in Sources */ = {isa = PBXBuildFile; fileRef = 270B11F51628EA8C005A82FA /* HTTPRedirectResponse.m */; };
		270B12441628EA8C005A82FA /* WebSocket.h in Headers */ = {isa = PBXBuildFile; fileRef = 270B11F61628EA8C005A82FA /* WebSocket.h */; settings = {ATTRIBUTES = (Public, ); }; };
		270B12451628EA8C005A82FA /* WebSocket.h in Headers */ = {isa = PBXBuildFile; fileRef = 270B11F61628EA8C005A82FA /* WebSocket.h */; settings = {ATTRIBUTES = (Public, ); }; };
		270B12461628EA8C005A82FA /* WebSocket.m in Sources */ = {isa = PBXBuildFile; fileRef = 270B11F71628EA8C005A82FA /* WebSocket.m */; };
		270B12471628EA8C005A82FA /* WebSocket.m in Sources */ = {isa = PBXBuildFile; fileRef = 270B11F71628EA8C005A82FA /* WebSocket.m */; };
		270B125A1628EADE005A82FA /* LICENSE.txt in Resources */ = {isa = PBXBuildFile; fileRef = 270B12591628EADE005A82FA /* LICENSE.txt */; };
		270B12601628EAE3005A82FA /* CocoaAsyncSocket.txt in Resources */ = {isa = PBXBuildFile; fileRef = 270B125B1628EAE3005A82FA /* CocoaAsyncSocket.txt */; };
		270B12611628EAE3005A82FA /* CocoaAsyncSocketFramework.txt in Resources */ = {isa = PBXBuildFile; fileRef = 270B125C1628EAE3005A82FA /* CocoaAsyncSocketFramework.txt */; };
		270B12621628EAE3005A82FA /* CocoaHTTPServer.txt in Resources */ = {isa = PBXBuildFile; fileRef = 270B125D1628EAE3005A82FA /* CocoaHTTPServer.txt */; };
		270B12631628EAE3005A82FA /* CocoaLumberjack.txt in Resources */ = {isa = PBXBuildFile; fileRef = 270B125E1628EAE3005A82FA /* CocoaLumberjack.txt */; };
		270B12641628EAE3005A82FA /* CocoaLumberjackFramework.txt in Resources */ = {isa = PBXBuildFile; fileRef = 270B125F1628EAE3005A82FA /* CocoaLumberjackFramework.txt */; };
		270B12661628EAEC005A82FA /* VERSION in Resources */ = {isa = PBXBuildFile; fileRef = 270B12651628EAEC005A82FA /* VERSION */; };
		270B12671628EB18005A82FA /* LICENSE.txt in CopyFiles */ = {isa = PBXBuildFile; fileRef = 270B12591628EADE005A82FA /* LICENSE.txt */; };
		270B12681628EB18005A82FA /* CocoaAsyncSocket.txt in CopyFiles */ = {isa = PBXBuildFile; fileRef = 270B125B1628EAE3005A82FA /* CocoaAsyncSocket.txt */; };
		270B12691628EB18005A82FA /* CocoaAsyncSocketFramework.txt in CopyFiles */ = {isa = PBXBuildFile; fileRef = 270B125C1628EAE3005A82FA /* CocoaAsyncSocketFramework.txt */; };
		270B126A1628EB18005A82FA /* CocoaHTTPServer.txt in CopyFiles */ = {isa = PBXBuildFile; fileRef = 270B125D1628EAE3005A82FA /* CocoaHTTPServer.txt */; };
		270B126B1628EB18005A82FA /* CocoaLumberjack.txt in CopyFiles */ = {isa = PBXBuildFile; fileRef = 270B125E1628EAE3005A82FA /* CocoaLumberjack.txt */; };
		270B126C1628EB18005A82FA /* CocoaLumberjackFramework.txt in CopyFiles */ = {isa = PBXBuildFile; fileRef = 270B125F1628EAE3005A82FA /* CocoaLumberjackFramework.txt */; };
		270B126D1628EB18005A82FA /* VERSION in CopyFiles */ = {isa = PBXBuildFile; fileRef = 270B12651628EAEC005A82FA /* VERSION */; };
		270B12961628ED6F005A82FA /* CocoaLumberjack.framework in Frameworks */ = {isa = PBXBuildFile; fileRef = 270B12951628ED6F005A82FA /* CocoaLumberjack.framework */; };
		270B12971628ED82005A82FA /* CocoaAsyncSocket.framework in Frameworks */ = {isa = PBXBuildFile; fileRef = 270B127E1628EB33005A82FA /* CocoaAsyncSocket.framework */; };
/* End PBXBuildFile section */

/* Begin PBXContainerItemProxy section */
		270B11CA1628E9A5005A82FA /* PBXContainerItemProxy */ = {
			isa = PBXContainerItemProxy;
			containerPortal = 270B11871628E5A8005A82FA /* Project object */;
			proxyType = 1;
			remoteGlobalIDString = 270B118F1628E5A8005A82FA;
			remoteInfo = CocoaHTTPServerStaticIOS;
		};
		270B127B1628EB33005A82FA /* PBXContainerItemProxy */ = {
			isa = PBXContainerItemProxy;
			containerPortal = 270B126E1628EB33005A82FA /* CocoaAsyncSocket.xcodeproj */;
			proxyType = 2;
			remoteGlobalIDString = 27FBB4D2162765FF0060C9AF;
			remoteInfo = CocoaAsyncSocketStaticIOS;
		};
		270B127D1628EB33005A82FA /* PBXContainerItemProxy */ = {
			isa = PBXContainerItemProxy;
			containerPortal = 270B126E1628EB33005A82FA /* CocoaAsyncSocket.xcodeproj */;
			proxyType = 2;
			remoteGlobalIDString = 27FBB4EC162766610060C9AF;
			remoteInfo = CocoaAsyncSocketOSX;
		};
		270B12801628EB39005A82FA /* PBXContainerItemProxy */ = {
			isa = PBXContainerItemProxy;
			containerPortal = 270B126E1628EB33005A82FA /* CocoaAsyncSocket.xcodeproj */;
			proxyType = 1;
			remoteGlobalIDString = 27FBB4D1162765FF0060C9AF;
			remoteInfo = CocoaAsyncSocketStaticIOS;
		};
		270B12821628EB3E005A82FA /* PBXContainerItemProxy */ = {
			isa = PBXContainerItemProxy;
			containerPortal = 270B126E1628EB33005A82FA /* CocoaAsyncSocket.xcodeproj */;
			proxyType = 1;
			remoteGlobalIDString = 27FBB4EB162766610060C9AF;
			remoteInfo = CocoaAsyncSocketOSX;
		};
		270B12841628EB41005A82FA /* PBXContainerItemProxy */ = {
			isa = PBXContainerItemProxy;
			containerPortal = 270B126E1628EB33005A82FA /* CocoaAsyncSocket.xcodeproj */;
			proxyType = 1;
			remoteGlobalIDString = 27FBB5001627668B0060C9AF;
			remoteInfo = CocoaAsyncSocketIOS;
		};
/* End PBXContainerItemProxy section */

/* Begin PBXCopyFilesBuildPhase section */
		270B118E1628E5A8005A82FA /* CopyFiles */ = {
			isa = PBXCopyFilesBuildPhase;
			buildActionMask = 2147483647;
			dstPath = "${PRODUCT_NAME}Resources";
			dstSubfolderSpec = 16;
			files = (
				270B12671628EB18005A82FA /* LICENSE.txt in CopyFiles */,
				270B12681628EB18005A82FA /* CocoaAsyncSocket.txt in CopyFiles */,
				270B12691628EB18005A82FA /* CocoaAsyncSocketFramework.txt in CopyFiles */,
				270B126A1628EB18005A82FA /* CocoaHTTPServer.txt in CopyFiles */,
				270B126B1628EB18005A82FA /* CocoaLumberjack.txt in CopyFiles */,
				270B126C1628EB18005A82FA /* CocoaLumberjackFramework.txt in CopyFiles */,
				270B126D1628EB18005A82FA /* VERSION in CopyFiles */,
			);
			runOnlyForDeploymentPostprocessing = 0;
		};
/* End PBXCopyFilesBuildPhase section */

/* Begin PBXFileReference section */
		270B11901628E5A8005A82FA /* libCocoaHTTPServer.a */ = {isa = PBXFileReference; explicitFileType = archive.ar; includeInIndex = 0; path = libCocoaHTTPServer.a; sourceTree = BUILT_PRODUCTS_DIR; };
		270B11931628E5A8005A82FA /* Foundation.framework */ = {isa = PBXFileReference; lastKnownFileType = wrapper.framework; name = Foundation.framework; path = System/Library/Frameworks/Foundation.framework; sourceTree = SDKROOT; };
		270B11B21628E676005A82FA /* CocoaHTTPServer.framework */ = {isa = PBXFileReference; explicitFileType = wrapper.framework; includeInIndex = 0; path = CocoaHTTPServer.framework; sourceTree = BUILT_PRODUCTS_DIR; };
		270B11B31628E676005A82FA /* Cocoa.framework */ = {isa = PBXFileReference; lastKnownFileType = wrapper.framework; name = Cocoa.framework; path = Library/Frameworks/Cocoa.framework; sourceTree = DEVELOPER_DIR; };
		270B11B61628E676005A82FA /* AppKit.framework */ = {isa = PBXFileReference; lastKnownFileType = wrapper.framework; name = AppKit.framework; path = Library/Frameworks/AppKit.framework; sourceTree = SDKROOT; };
		270B11B71628E676005A82FA /* CoreData.framework */ = {isa = PBXFileReference; lastKnownFileType = wrapper.framework; name = CoreData.framework; path = Library/Frameworks/CoreData.framework; sourceTree = SDKROOT; };
		270B11B81628E676005A82FA /* Foundation.framework */ = {isa = PBXFileReference; lastKnownFileType = wrapper.framework; name = Foundation.framework; path = Library/Frameworks/Foundation.framework; sourceTree = SDKROOT; };
		270B11D41628EA8C005A82FA /* DDData.h */ = {isa = PBXFileReference; fileEncoding = 4; lastKnownFileType = sourcecode.c.h; path = DDData.h; sourceTree = "<group>"; };
		270B11D51628EA8C005A82FA /* DDData.m */ = {isa = PBXFileReference; fileEncoding = 4; lastKnownFileType = sourcecode.c.objc; path = DDData.m; sourceTree = "<group>"; };
		270B11D61628EA8C005A82FA /* DDNumber.h */ = {isa = PBXFileReference; fileEncoding = 4; lastKnownFileType = sourcecode.c.h; path = DDNumber.h; sourceTree = "<group>"; };
		270B11D71628EA8C005A82FA /* DDNumber.m */ = {isa = PBXFileReference; fileEncoding = 4; lastKnownFileType = sourcecode.c.objc; path = DDNumber.m; sourceTree = "<group>"; };
		270B11D81628EA8C005A82FA /* DDRange.h */ = {isa = PBXFileReference; fileEncoding = 4; lastKnownFileType = sourcecode.c.h; path = DDRange.h; sourceTree = "<group>"; };
		270B11D91628EA8C005A82FA /* DDRange.m */ = {isa = PBXFileReference; fileEncoding = 4; lastKnownFileType = sourcecode.c.objc; path = DDRange.m; sourceTree = "<group>"; };
		270B11DA1628EA8C005A82FA /* HTTPAuthenticationRequest.h */ = {isa = PBXFileReference; fileEncoding = 4; lastKnownFileType = sourcecode.c.h; path = HTTPAuthenticationRequest.h; sourceTree = "<group>"; };
		270B11DB1628EA8C005A82FA /* HTTPAuthenticationRequest.m */ = {isa = PBXFileReference; fileEncoding = 4; lastKnownFileType = sourcecode.c.objc; path = HTTPAuthenticationRequest.m; sourceTree = "<group>"; };
		270B11DC1628EA8C005A82FA /* HTTPConnection.h */ = {isa = PBXFileReference; fileEncoding = 4; lastKnownFileType = sourcecode.c.h; path = HTTPConnection.h; sourceTree = "<group>"; };
		270B11DD1628EA8C005A82FA /* HTTPConnection.m */ = {isa = PBXFileReference; fileEncoding = 4; lastKnownFileType = sourcecode.c.objc; path = HTTPConnection.m; sourceTree = "<group>"; };
		270B11DE1628EA8C005A82FA /* HTTPLogging.h */ = {isa = PBXFileReference; fileEncoding = 4; lastKnownFileType = sourcecode.c.h; path = HTTPLogging.h; sourceTree = "<group>"; };
		270B11DF1628EA8C005A82FA /* HTTPMessage.h */ = {isa = PBXFileReference; fileEncoding = 4; lastKnownFileType = sourcecode.c.h; path = HTTPMessage.h; sourceTree = "<group>"; };
		270B11E01628EA8C005A82FA /* HTTPMessage.m */ = {isa = PBXFileReference; fileEncoding = 4; lastKnownFileType = sourcecode.c.objc; path = HTTPMessage.m; sourceTree = "<group>"; };
		270B11E11628EA8C005A82FA /* HTTPResponse.h */ = {isa = PBXFileReference; fileEncoding = 4; lastKnownFileType = sourcecode.c.h; path = HTTPResponse.h; sourceTree = "<group>"; };
		270B11E21628EA8C005A82FA /* HTTPServer.h */ = {isa = PBXFileReference; fileEncoding = 4; lastKnownFileType = sourcecode.c.h; path = HTTPServer.h; sourceTree = "<group>"; };
		270B11E31628EA8C005A82FA /* HTTPServer.m */ = {isa = PBXFileReference; fileEncoding = 4; lastKnownFileType = sourcecode.c.objc; path = HTTPServer.m; sourceTree = "<group>"; };
		270B11E51628EA8C005A82FA /* MultipartFormDataParser.h */ = {isa = PBXFileReference; fileEncoding = 4; lastKnownFileType = sourcecode.c.h; path = MultipartFormDataParser.h; sourceTree = "<group>"; };
		270B11E61628EA8C005A82FA /* MultipartFormDataParser.m */ = {isa = PBXFileReference; fileEncoding = 4; lastKnownFileType = sourcecode.c.objc; path = MultipartFormDataParser.m; sourceTree = "<group>"; };
		270B11E71628EA8C005A82FA /* MultipartMessageHeader.h */ = {isa = PBXFileReference; fileEncoding = 4; lastKnownFileType = sourcecode.c.h; path = MultipartMessageHeader.h; sourceTree = "<group>"; };
		270B11E81628EA8C005A82FA /* MultipartMessageHeader.m */ = {isa = PBXFileReference; fileEncoding = 4; lastKnownFileType = sourcecode.c.objc; path = MultipartMessageHeader.m; sourceTree = "<group>"; };
		270B11E91628EA8C005A82FA /* MultipartMessageHeaderField.h */ = {isa = PBXFileReference; fileEncoding = 4; lastKnownFileType = sourcecode.c.h; path = MultipartMessageHeaderField.h; sourceTree = "<group>"; };
		270B11EA1628EA8C005A82FA /* MultipartMessageHeaderField.m */ = {isa = PBXFileReference; fileEncoding = 4; lastKnownFileType = sourcecode.c.objc; path = MultipartMessageHeaderField.m; sourceTree = "<group>"; };
		270B11EC1628EA8C005A82FA /* HTTPAsyncFileResponse.h */ = {isa = PBXFileReference; fileEncoding = 4; lastKnownFileType = sourcecode.c.h; path = HTTPAsyncFileResponse.h; sourceTree = "<group>"; };
		270B11ED1628EA8C005A82FA /* HTTPAsyncFileResponse.m */ = {isa = PBXFileReference; fileEncoding = 4; lastKnownFileType = sourcecode.c.objc; path = HTTPAsyncFileResponse.m; sourceTree = "<group>"; };
		270B11EE1628EA8C005A82FA /* HTTPDataResponse.h */ = {isa = PBXFileReference; fileEncoding = 4; lastKnownFileType = sourcecode.c.h; path = HTTPDataResponse.h; sourceTree = "<group>"; };
		270B11EF1628EA8C005A82FA /* HTTPDataResponse.m */ = {isa = PBXFileReference; fileEncoding = 4; lastKnownFileType = sourcecode.c.objc; path = HTTPDataResponse.m; sourceTree = "<group>"; };
		270B11F01628EA8C005A82FA /* HTTPDynamicFileResponse.h */ = {isa = PBXFileReference; fileEncoding = 4; lastKnownFileType = sourcecode.c.h; path = HTTPDynamicFileResponse.h; sourceTree = "<group>"; };
		270B11F11628EA8C005A82FA /* HTTPDynamicFileResponse.m */ = {isa = PBXFileReference; fileEncoding = 4; lastKnownFileType = sourcecode.c.objc; path = HTTPDynamicFileResponse.m; sourceTree = "<group>"; };
		270B11F21628EA8C005A82FA /* HTTPFileResponse.h */ = {isa = PBXFileReference; fileEncoding = 4; lastKnownFileType = sourcecode.c.h; path = HTTPFileResponse.h; sourceTree = "<group>"; };
		270B11F31628EA8C005A82FA /* HTTPFileResponse.m */ = {isa = PBXFileReference; fileEncoding = 4; lastKnownFileType = sourcecode.c.objc; path = HTTPFileResponse.m; sourceTree = "<group>"; };
		270B11F41628EA8C005A82FA /* HTTPRedirectResponse.h */ = {isa = PBXFileReference; fileEncoding = 4; lastKnownFileType = sourcecode.c.h; path = HTTPRedirectResponse.h; sourceTree = "<group>"; };
		270B11F51628EA8C005A82FA /* HTTPRedirectResponse.m */ = {isa = PBXFileReference; fileEncoding = 4; lastKnownFileType = sourcecode.c.objc; path = HTTPRedirectResponse.m; sourceTree = "<group>"; };
		270B11F61628EA8C005A82FA /* WebSocket.h */ = {isa = PBXFileReference; fileEncoding = 4; lastKnownFileType = sourcecode.c.h; path = WebSocket.h; sourceTree = "<group>"; };
		270B11F71628EA8C005A82FA /* WebSocket.m */ = {isa = PBXFileReference; fileEncoding = 4; lastKnownFileType = sourcecode.c.objc; path = WebSocket.m; sourceTree = "<group>"; };
		270B12591628EADE005A82FA /* LICENSE.txt */ = {isa = PBXFileReference; fileEncoding = 4; lastKnownFileType = text; path = LICENSE.txt; sourceTree = "<group>"; };
		270B125B1628EAE3005A82FA /* CocoaAsyncSocket.txt */ = {isa = PBXFileReference; fileEncoding = 4; lastKnownFileType = text; name = CocoaAsyncSocket.txt; path = Licenses/CocoaAsyncSocket.txt; sourceTree = "<group>"; };
		270B125C1628EAE3005A82FA /* CocoaAsyncSocketFramework.txt */ = {isa = PBXFileReference; fileEncoding = 4; lastKnownFileType = text; name = CocoaAsyncSocketFramework.txt; path = Licenses/CocoaAsyncSocketFramework.txt; sourceTree = "<group>"; };
		270B125D1628EAE3005A82FA /* CocoaHTTPServer.txt */ = {isa = PBXFileReference; fileEncoding = 4; lastKnownFileType = text; name = CocoaHTTPServer.txt; path = Licenses/CocoaHTTPServer.txt; sourceTree = "<group>"; };
		270B125E1628EAE3005A82FA /* CocoaLumberjack.txt */ = {isa = PBXFileReference; fileEncoding = 4; lastKnownFileType = text; name = CocoaLumberjack.txt; path = Licenses/CocoaLumberjack.txt; sourceTree = "<group>"; };
		270B125F1628EAE3005A82FA /* CocoaLumberjackFramework.txt */ = {isa = PBXFileReference; fileEncoding = 4; lastKnownFileType = text; name = CocoaLumberjackFramework.txt; path = Licenses/CocoaLumberjackFramework.txt; sourceTree = "<group>"; };
		270B12651628EAEC005A82FA /* VERSION */ = {isa = PBXFileReference; fileEncoding = 4; lastKnownFileType = text; path = VERSION; sourceTree = "<group>"; };
		270B126E1628EB33005A82FA /* CocoaAsyncSocket.xcodeproj */ = {isa = PBXFileReference; lastKnownFileType = "wrapper.pb-project"; name = CocoaAsyncSocket.xcodeproj; path = Frameworks/CocoaAsyncSocket/CocoaAsyncSocket.xcodeproj; sourceTree = "<group>"; };
		270B12951628ED6F005A82FA /* CocoaLumberjack.framework */ = {isa = PBXFileReference; lastKnownFileType = wrapper.framework; name = CocoaLumberjack.framework; path = "../../../../Library/Developer/Xcode/DerivedData/CocoaHTTPServer-enzpnsdpwdlfcmfvdlcoomqobbhk/Build/Products/Debug-iphoneos/CocoaLumberjack.framework"; sourceTree = "<group>"; };
/* End PBXFileReference section */

/* Begin PBXFrameworksBuildPhase section */
		270B118D1628E5A8005A82FA /* Frameworks */ = {
			isa = PBXFrameworksBuildPhase;
			buildActionMask = 2147483647;
			files = (
				270B11941628E5A8005A82FA /* Foundation.framework in Frameworks */,
			);
			runOnlyForDeploymentPostprocessing = 0;
		};
		270B11AE1628E676005A82FA /* Frameworks */ = {
			isa = PBXFrameworksBuildPhase;
			buildActionMask = 2147483647;
			files = (
				270B12971628ED82005A82FA /* CocoaAsyncSocket.framework in Frameworks */,
				270B12961628ED6F005A82FA /* CocoaLumberjack.framework in Frameworks */,
				270B11B41628E676005A82FA /* Cocoa.framework in Frameworks */,
			);
			runOnlyForDeploymentPostprocessing = 0;
		};
/* End PBXFrameworksBuildPhase section */

/* Begin PBXGroup section */
		270B11851628E5A8005A82FA = {
			isa = PBXGroup;
			children = (
				270B11CF1628EA8C005A82FA /* CocoaHTTPServer */,
				270B12581628EAD1005A82FA /* Resources */,
				270B11921628E5A8005A82FA /* Frameworks */,
				270B11911628E5A8005A82FA /* Products */,
			);
			sourceTree = "<group>";
		};
		270B11911628E5A8005A82FA /* Products */ = {
			isa = PBXGroup;
			children = (
				270B11901628E5A8005A82FA /* libCocoaHTTPServer.a */,
				270B11B21628E676005A82FA /* CocoaHTTPServer.framework */,
			);
			name = Products;
			sourceTree = "<group>";
		};
		270B11921628E5A8005A82FA /* Frameworks */ = {
			isa = PBXGroup;
			children = (
				270B12951628ED6F005A82FA /* CocoaLumberjack.framework */,
				270B126E1628EB33005A82FA /* CocoaAsyncSocket.xcodeproj */,
				270B11931628E5A8005A82FA /* Foundation.framework */,
				270B11B31628E676005A82FA /* Cocoa.framework */,
				270B11B51628E676005A82FA /* Other Frameworks */,
			);
			name = Frameworks;
			sourceTree = "<group>";
		};
		270B11B51628E676005A82FA /* Other Frameworks */ = {
			isa = PBXGroup;
			children = (
				270B11B61628E676005A82FA /* AppKit.framework */,
				270B11B71628E676005A82FA /* CoreData.framework */,
				270B11B81628E676005A82FA /* Foundation.framework */,
			);
			name = "Other Frameworks";
			sourceTree = "<group>";
		};
		270B11CF1628EA8C005A82FA /* CocoaHTTPServer */ = {
			isa = PBXGroup;
			children = (
				270B11D21628EA8C005A82FA /* Core */,
			);
			name = CocoaHTTPServer;
			path = Frameworks/CocoaHTTPServer;
			sourceTree = "<group>";
		};
		270B11D21628EA8C005A82FA /* Core */ = {
			isa = PBXGroup;
			children = (
				270B11D31628EA8C005A82FA /* Categories */,
				270B11DA1628EA8C005A82FA /* HTTPAuthenticationRequest.h */,
				270B11DB1628EA8C005A82FA /* HTTPAuthenticationRequest.m */,
				270B11DC1628EA8C005A82FA /* HTTPConnection.h */,
				270B11DD1628EA8C005A82FA /* HTTPConnection.m */,
				270B11DE1628EA8C005A82FA /* HTTPLogging.h */,
				270B11DF1628EA8C005A82FA /* HTTPMessage.h */,
				270B11E01628EA8C005A82FA /* HTTPMessage.m */,
				270B11E11628EA8C005A82FA /* HTTPResponse.h */,
				270B11E21628EA8C005A82FA /* HTTPServer.h */,
				270B11E31628EA8C005A82FA /* HTTPServer.m */,
				270B11E41628EA8C005A82FA /* Mime */,
				270B11EB1628EA8C005A82FA /* Responses */,
				270B11F61628EA8C005A82FA /* WebSocket.h */,
				270B11F71628EA8C005A82FA /* WebSocket.m */,
			);
			path = Core;
			sourceTree = "<group>";
		};
		270B11D31628EA8C005A82FA /* Categories */ = {
			isa = PBXGroup;
			children = (
				270B11D41628EA8C005A82FA /* DDData.h */,
				270B11D51628EA8C005A82FA /* DDData.m */,
				270B11D61628EA8C005A82FA /* DDNumber.h */,
				270B11D71628EA8C005A82FA /* DDNumber.m */,
				270B11D81628EA8C005A82FA /* DDRange.h */,
				270B11D91628EA8C005A82FA /* DDRange.m */,
			);
			path = Categories;
			sourceTree = "<group>";
		};
		270B11E41628EA8C005A82FA /* Mime */ = {
			isa = PBXGroup;
			children = (
				270B11E51628EA8C005A82FA /* MultipartFormDataParser.h */,
				270B11E61628EA8C005A82FA /* MultipartFormDataParser.m */,
				270B11E71628EA8C005A82FA /* MultipartMessageHeader.h */,
				270B11E81628EA8C005A82FA /* MultipartMessageHeader.m */,
				270B11E91628EA8C005A82FA /* MultipartMessageHeaderField.h */,
				270B11EA1628EA8C005A82FA /* MultipartMessageHeaderField.m */,
			);
			path = Mime;
			sourceTree = "<group>";
		};
		270B11EB1628EA8C005A82FA /* Responses */ = {
			isa = PBXGroup;
			children = (
				270B11EC1628EA8C005A82FA /* HTTPAsyncFileResponse.h */,
				270B11ED1628EA8C005A82FA /* HTTPAsyncFileResponse.m */,
				270B11EE1628EA8C005A82FA /* HTTPDataResponse.h */,
				270B11EF1628EA8C005A82FA /* HTTPDataResponse.m */,
				270B11F01628EA8C005A82FA /* HTTPDynamicFileResponse.h */,
				270B11F11628EA8C005A82FA /* HTTPDynamicFileResponse.m */,
				270B11F21628EA8C005A82FA /* HTTPFileResponse.h */,
				270B11F31628EA8C005A82FA /* HTTPFileResponse.m */,
				270B11F41628EA8C005A82FA /* HTTPRedirectResponse.h */,
				270B11F51628EA8C005A82FA /* HTTPRedirectResponse.m */,
			);
			path = Responses;
			sourceTree = "<group>";
		};
		270B12581628EAD1005A82FA /* Resources */ = {
			isa = PBXGroup;
			children = (
				270B12591628EADE005A82FA /* LICENSE.txt */,
				270B125B1628EAE3005A82FA /* CocoaAsyncSocket.txt */,
				270B125C1628EAE3005A82FA /* CocoaAsyncSocketFramework.txt */,
				270B125D1628EAE3005A82FA /* CocoaHTTPServer.txt */,
				270B125E1628EAE3005A82FA /* CocoaLumberjack.txt */,
				270B125F1628EAE3005A82FA /* CocoaLumberjackFramework.txt */,
				270B12651628EAEC005A82FA /* VERSION */,
			);
			name = Resources;
			sourceTree = "<group>";
		};
		270B126F1628EB33005A82FA /* Products */ = {
			isa = PBXGroup;
			children = (
				270B127C1628EB33005A82FA /* libCocoaAsyncSocket.a */,
				270B127E1628EB33005A82FA /* CocoaAsyncSocket.framework */,
			);
			name = Products;
			sourceTree = "<group>";
		};
/* End PBXGroup section */

/* Begin PBXHeadersBuildPhase section */
		270B11AF1628E676005A82FA /* Headers */ = {
			isa = PBXHeadersBuildPhase;
			buildActionMask = 2147483647;
			files = (
				270B12051628EA8C005A82FA /* DDData.h in Headers */,
				270B12091628EA8C005A82FA /* DDNumber.h in Headers */,
				270B120D1628EA8C005A82FA /* DDRange.h in Headers */,
				270B12111628EA8C005A82FA /* HTTPAuthenticationRequest.h in Headers */,
				270B12151628EA8C005A82FA /* HTTPConnection.h in Headers */,
				270B12191628EA8C005A82FA /* HTTPLogging.h in Headers */,
				270B121B1628EA8C005A82FA /* HTTPMessage.h in Headers */,
				270B121F1628EA8C005A82FA /* HTTPResponse.h in Headers */,
				270B12211628EA8C005A82FA /* HTTPServer.h in Headers */,
				270B12251628EA8C005A82FA /* MultipartFormDataParser.h in Headers */,
				270B12291628EA8C005A82FA /* MultipartMessageHeader.h in Headers */,
				270B122D1628EA8C005A82FA /* MultipartMessageHeaderField.h in Headers */,
				270B12311628EA8C005A82FA /* HTTPAsyncFileResponse.h in Headers */,
				270B12351628EA8C005A82FA /* HTTPDataResponse.h in Headers */,
				270B12391628EA8C005A82FA /* HTTPDynamicFileResponse.h in Headers */,
				270B123D1628EA8C005A82FA /* HTTPFileResponse.h in Headers */,
				270B12411628EA8C005A82FA /* HTTPRedirectResponse.h in Headers */,
				270B12451628EA8C005A82FA /* WebSocket.h in Headers */,
			);
			runOnlyForDeploymentPostprocessing = 0;
		};
		270B11CD1628E9D6005A82FA /* Headers */ = {
			isa = PBXHeadersBuildPhase;
			buildActionMask = 2147483647;
			files = (
				270B12041628EA8C005A82FA /* DDData.h in Headers */,
				270B12081628EA8C005A82FA /* DDNumber.h in Headers */,
				270B120C1628EA8C005A82FA /* DDRange.h in Headers */,
				270B12101628EA8C005A82FA /* HTTPAuthenticationRequest.h in Headers */,
				270B12141628EA8C005A82FA /* HTTPConnection.h in Headers */,
				270B12181628EA8C005A82FA /* HTTPLogging.h in Headers */,
				270B121A1628EA8C005A82FA /* HTTPMessage.h in Headers */,
				270B121E1628EA8C005A82FA /* HTTPResponse.h in Headers */,
				270B12201628EA8C005A82FA /* HTTPServer.h in Headers */,
				270B12241628EA8C005A82FA /* MultipartFormDataParser.h in Headers */,
				270B12281628EA8C005A82FA /* MultipartMessageHeader.h in Headers */,
				270B122C1628EA8C005A82FA /* MultipartMessageHeaderField.h in Headers */,
				270B12301628EA8C005A82FA /* HTTPAsyncFileResponse.h in Headers */,
				270B12341628EA8C005A82FA /* HTTPDataResponse.h in Headers */,
				270B12381628EA8C005A82FA /* HTTPDynamicFileResponse.h in Headers */,
				270B123C1628EA8C005A82FA /* HTTPFileResponse.h in Headers */,
				270B12401628EA8C005A82FA /* HTTPRedirectResponse.h in Headers */,
				270B12441628EA8C005A82FA /* WebSocket.h in Headers */,
			);
			runOnlyForDeploymentPostprocessing = 0;
		};
/* End PBXHeadersBuildPhase section */

/* Begin PBXNativeTarget section */
		270B118F1628E5A8005A82FA /* CocoaHTTPServerStaticIOS */ = {
			isa = PBXNativeTarget;
			buildConfigurationList = 270B119E1628E5A8005A82FA /* Build configuration list for PBXNativeTarget "CocoaHTTPServerStaticIOS" */;
			buildPhases = (
				270B118C1628E5A8005A82FA /* Sources */,
				270B118D1628E5A8005A82FA /* Frameworks */,
				270B11CD1628E9D6005A82FA /* Headers */,
				270B118E1628E5A8005A82FA /* CopyFiles */,
				270B11CE1628E9DB005A82FA /* Prepare Framework */,
			);
			buildRules = (
			);
			dependencies = (
				270B12811628EB39005A82FA /* PBXTargetDependency */,
			);
			name = CocoaHTTPServerStaticIOS;
			productName = CocoaHTTPServer;
			productReference = 270B11901628E5A8005A82FA /* libCocoaHTTPServer.a */;
			productType = "com.apple.product-type.library.static";
		};
		270B11B11628E676005A82FA /* CocoaHTTPServerOSX */ = {
			isa = PBXNativeTarget;
			buildConfigurationList = 270B11C31628E676005A82FA /* Build configuration list for PBXNativeTarget "CocoaHTTPServerOSX" */;
			buildPhases = (
				270B11AD1628E676005A82FA /* Sources */,
				270B11AE1628E676005A82FA /* Frameworks */,
				270B11AF1628E676005A82FA /* Headers */,
				270B11B01628E676005A82FA /* Resources */,
			);
			buildRules = (
			);
			dependencies = (
				270B12831628EB3E005A82FA /* PBXTargetDependency */,
			);
			name = CocoaHTTPServerOSX;
			productName = CocoaHTTPServerOSX;
			productReference = 270B11B21628E676005A82FA /* CocoaHTTPServer.framework */;
			productType = "com.apple.product-type.framework";
		};
/* End PBXNativeTarget section */

/* Begin PBXProject section */
		270B11871628E5A8005A82FA /* Project object */ = {
			isa = PBXProject;
			attributes = {
				LastUpgradeCheck = 0440;
				ORGANIZATIONNAME = "ASE Group";
			};
			buildConfigurationList = 270B118A1628E5A8005A82FA /* Build configuration list for PBXProject "CocoaHTTPServer" */;
			compatibilityVersion = "Xcode 3.2";
			developmentRegion = English;
			hasScannedForEncodings = 0;
			knownRegions = (
				en,
			);
			mainGroup = 270B11851628E5A8005A82FA;
			productRefGroup = 270B11911628E5A8005A82FA /* Products */;
			projectDirPath = "";
			projectReferences = (
				{
					ProductGroup = 270B126F1628EB33005A82FA /* Products */;
					ProjectRef = 270B126E1628EB33005A82FA /* CocoaAsyncSocket.xcodeproj */;
				},
			);
			projectRoot = "";
			targets = (
				270B118F1628E5A8005A82FA /* CocoaHTTPServerStaticIOS */,
				270B11A91628E667005A82FA /* CocoaHTTPServerIOS */,
				270B11B11628E676005A82FA /* CocoaHTTPServerOSX */,
			);
		};
/* End PBXProject section */

/* Begin PBXReferenceProxy section */
		270B127C1628EB33005A82FA /* libCocoaAsyncSocket.a */ = {
			isa = PBXReferenceProxy;
			fileType = archive.ar;
			path = libCocoaAsyncSocket.a;
			remoteRef = 270B127B1628EB33005A82FA /* PBXContainerItemProxy */;
			sourceTree = BUILT_PRODUCTS_DIR;
		};
		270B127E1628EB33005A82FA /* CocoaAsyncSocket.framework */ = {
			isa = PBXReferenceProxy;
			fileType = wrapper.framework;
			path = CocoaAsyncSocket.framework;
			remoteRef = 270B127D1628EB33005A82FA /* PBXContainerItemProxy */;
			sourceTree = BUILT_PRODUCTS_DIR;
		};
/* End PBXReferenceProxy section */

/* Begin PBXResourcesBuildPhase section */
		270B11B01628E676005A82FA /* Resources */ = {
			isa = PBXResourcesBuildPhase;
			buildActionMask = 2147483647;
			files = (
				270B125A1628EADE005A82FA /* LICENSE.txt in Resources */,
				270B12601628EAE3005A82FA /* CocoaAsyncSocket.txt in Resources */,
				270B12611628EAE3005A82FA /* CocoaAsyncSocketFramework.txt in Resources */,
				270B12621628EAE3005A82FA /* CocoaHTTPServer.txt in Resources */,
				270B12631628EAE3005A82FA /* CocoaLumberjack.txt in Resources */,
				270B12641628EAE3005A82FA /* CocoaLumberjackFramework.txt in Resources */,
				270B12661628EAEC005A82FA /* VERSION in Resources */,
			);
			runOnlyForDeploymentPostprocessing = 0;
		};
/* End PBXResourcesBuildPhase section */

/* Begin PBXShellScriptBuildPhase section */
		270B11CC1628E9B0005A82FA /* Build Framework */ = {
			isa = PBXShellScriptBuildPhase;
			buildActionMask = 2147483647;
			files = (
			);
			inputPaths = (
			);
			name = "Build Framework";
			outputPaths = (
			);
			runOnlyForDeploymentPostprocessing = 0;
			shellPath = /bin/sh;
			shellScript = "set -e\nset +u\n# Avoid recursively calling this script.\nif [[ $SF_MASTER_SCRIPT_RUNNING ]]\nthen\nexit 0\nfi\nset -u\nexport SF_MASTER_SCRIPT_RUNNING=1\n\nSF_TARGET_NAME=${PROJECT_NAME}\nSF_EXECUTABLE_PATH=\"lib${SF_TARGET_NAME}.a\"\nSF_WRAPPER_NAME=\"${SF_TARGET_NAME}.framework\"\n\n# The following conditionals come from\n# https://github.com/kstenerud/iOS-Universal-Framework\n\nif [[ \"$SDK_NAME\" =~ ([A-Za-z]+) ]]\nthen\nSF_SDK_PLATFORM=${BASH_REMATCH[1]}\nelse\necho \"Could not find platform name from SDK_NAME: $SDK_NAME\"\nexit 1\nfi\n\nif [[ \"$SDK_NAME\" =~ ([0-9]+.*$) ]]\nthen\nSF_SDK_VERSION=${BASH_REMATCH[1]}\nelse\necho \"Could not find sdk version from SDK_NAME: $SDK_NAME\"\nexit 1\nfi\n\nif [[ \"$SF_SDK_PLATFORM\" = \"iphoneos\" ]]\nthen\nSF_OTHER_PLATFORM=iphonesimulator\nelse\nSF_OTHER_PLATFORM=iphoneos\nfi\n\nif [[ \"$BUILT_PRODUCTS_DIR\" =~ (.*)$SF_SDK_PLATFORM$ ]]\nthen\nSF_OTHER_BUILT_PRODUCTS_DIR=\"${BASH_REMATCH[1]}${SF_OTHER_PLATFORM}\"\nelse\necho \"Could not find platform name from build products directory: $BUILT_PRODUCTS_DIR\"\nexit 1\nfi\n\n# Build the other platform.\nxcodebuild -project \"${PROJECT_FILE_PATH}\" -target \"${TARGET_NAME}\" -configuration \"${CONFIGURATION}\" -sdk ${SF_OTHER_PLATFORM}${SF_SDK_VERSION} BUILD_DIR=\"${BUILD_DIR}\" OBJROOT=\"${OBJROOT}\" BUILD_ROOT=\"${BUILD_ROOT}\" SYMROOT=\"${SYMROOT}\" $ACTION\n\n# Smash the two static libraries into one fat binary and store it in the .framework\nlipo -create \"${BUILT_PRODUCTS_DIR}/${SF_EXECUTABLE_PATH}\" \"${SF_OTHER_BUILT_PRODUCTS_DIR}/${SF_EXECUTABLE_PATH}\" -output \"${BUILT_PRODUCTS_DIR}/${SF_WRAPPER_NAME}/Versions/${FRAMEWORK_VERSION}/${SF_TARGET_NAME}\"\n\n# Copy the binary to the other architecture folder to have a complete framework in both.\ncp -a \"${BUILT_PRODUCTS_DIR}/${SF_WRAPPER_NAME}/Versions/${FRAMEWORK_VERSION}/${SF_TARGET_NAME}\" \"${SF_OTHER_BUILT_PRODUCTS_DIR}/${SF_WRAPPER_NAME}/Versions/${FRAMEWORK_VERSION}/${SF_TARGET_NAME}\"\n";
		};
		270B11CE1628E9DB005A82FA /* Prepare Framework */ = {
			isa = PBXShellScriptBuildPhase;
			buildActionMask = 2147483647;
			files = (
			);
			inputPaths = (
			);
			name = "Prepare Framework";
			outputPaths = (
			);
			runOnlyForDeploymentPostprocessing = 0;
			shellPath = /bin/sh;
			shellScript = "set -e\n\nmkdir -p \"${BUILT_PRODUCTS_DIR}/${PRODUCT_NAME}.framework/Versions/${FRAMEWORK_VERSION}/Headers\"\nmkdir -p \"${BUILT_PRODUCTS_DIR}/${PRODUCT_NAME}.framework/Versions/${FRAMEWORK_VERSION}/Resources\"\n\n# Link the \"Current\" version to \"${FRAMEWORK_VERSION}\"\n/bin/ln -sfh \"${FRAMEWORK_VERSION}\" \"${BUILT_PRODUCTS_DIR}/${PRODUCT_NAME}.framework/Versions/Current\"\n/bin/ln -sfh Versions/Current/Headers \"${BUILT_PRODUCTS_DIR}/${PRODUCT_NAME}.framework/Headers\"\n/bin/ln -sfh Versions/Current/Resources \"${BUILT_PRODUCTS_DIR}/${PRODUCT_NAME}.framework/Resources\"\n/bin/ln -sfh \"Versions/Current/${PRODUCT_NAME}\" \"${BUILT_PRODUCTS_DIR}/${PRODUCT_NAME}.framework/${PRODUCT_NAME}\"\n\n# The -a ensures that the headers maintain the source modification date so that we don't constantly\n# cause propagating rebuilds of files that import these headers.\n/bin/cp -a \"${TARGET_BUILD_DIR}/${PUBLIC_HEADERS_FOLDER_PATH}/\" \"${BUILT_PRODUCTS_DIR}/${PRODUCT_NAME}.framework/Versions/${FRAMEWORK_VERSION}/Headers\"\n\n/bin/cp -a \"${TARGET_BUILD_DIR}/${PROJECT_NAME}Resources/\" \"${BUILT_PRODUCTS_DIR}/${PRODUCT_NAME}.framework/Versions/${FRAMEWORK_VERSION}/Resources\"\n";
		};
/* End PBXShellScriptBuildPhase section */

/* Begin PBXSourcesBuildPhase section */
		270B118C1628E5A8005A82FA /* Sources */ = {
			isa = PBXSourcesBuildPhase;
			buildActionMask = 2147483647;
			files = (
				270B12061628EA8C005A82FA /* DDData.m in Sources */,
				270B120A1628EA8C005A82FA /* DDNumber.m in Sources */,
				270B120E1628EA8C005A82FA /* DDRange.m in Sources */,
				270B12121628EA8C005A82FA /* HTTPAuthenticationRequest.m in Sources */,
				270B12161628EA8C005A82FA /* HTTPConnection.m in Sources */,
				270B121C1628EA8C005A82FA /* HTTPMessage.m in Sources */,
				270B12221628EA8C005A82FA /* HTTPServer.m in Sources */,
				270B12261628EA8C005A82FA /* MultipartFormDataParser.m in Sources */,
				270B122A1628EA8C005A82FA /* MultipartMessageHeader.m in Sources */,
				270B122E1628EA8C005A82FA /* MultipartMessageHeaderField.m in Sources */,
				270B12321628EA8C005A82FA /* HTTPAsyncFileResponse.m in Sources */,
				270B12361628EA8C005A82FA /* HTTPDataResponse.m in Sources */,
				270B123A1628EA8C005A82FA /* HTTPDynamicFileResponse.m in Sources */,
				270B123E1628EA8C005A82FA /* HTTPFileResponse.m in Sources */,
				270B12421628EA8C005A82FA /* HTTPRedirectResponse.m in Sources */,
				270B12461628EA8C005A82FA /* WebSocket.m in Sources */,
			);
			runOnlyForDeploymentPostprocessing = 0;
		};
		270B11AD1628E676005A82FA /* Sources */ = {
			isa = PBXSourcesBuildPhase;
			buildActionMask = 2147483647;
			files = (
				270B12071628EA8C005A82FA /* DDData.m in Sources */,
				270B120B1628EA8C005A82FA /* DDNumber.m in Sources */,
				270B120F1628EA8C005A82FA /* DDRange.m in Sources */,
				270B12131628EA8C005A82FA /* HTTPAuthenticationRequest.m in Sources */,
				270B12171628EA8C005A82FA /* HTTPConnection.m in Sources */,
				270B121D1628EA8C005A82FA /* HTTPMessage.m in Sources */,
				270B12231628EA8C005A82FA /* HTTPServer.m in Sources */,
				270B12271628EA8C005A82FA /* MultipartFormDataParser.m in Sources */,
				270B122B1628EA8C005A82FA /* MultipartMessageHeader.m in Sources */,
				270B122F1628EA8C005A82FA /* MultipartMessageHeaderField.m in Sources */,
				270B12331628EA8C005A82FA /* HTTPAsyncFileResponse.m in Sources */,
				270B12371628EA8C005A82FA /* HTTPDataResponse.m in Sources */,
				270B123B1628EA8C005A82FA /* HTTPDynamicFileResponse.m in Sources */,
				270B123F1628EA8C005A82FA /* HTTPFileResponse.m in Sources */,
				270B12431628EA8C005A82FA /* HTTPRedirectResponse.m in Sources */,
				270B12471628EA8C005A82FA /* WebSocket.m in Sources */,
			);
			runOnlyForDeploymentPostprocessing = 0;
		};
/* End PBXSourcesBuildPhase section */

/* Begin PBXTargetDependency section */
		270B11CB1628E9A5005A82FA /* PBXTargetDependency */ = {
			isa = PBXTargetDependency;
			target = 270B118F1628E5A8005A82FA /* CocoaHTTPServerStaticIOS */;
			targetProxy = 270B11CA1628E9A5005A82FA /* PBXContainerItemProxy */;
		};
		270B12811628EB39005A82FA /* PBXTargetDependency */ = {
			isa = PBXTargetDependency;
			name = CocoaAsyncSocketStaticIOS;
			targetProxy = 270B12801628EB39005A82FA /* PBXContainerItemProxy */;
		};
		270B12831628EB3E005A82FA /* PBXTargetDependency */ = {
			isa = PBXTargetDependency;
			name = CocoaAsyncSocketOSX;
			targetProxy = 270B12821628EB3E005A82FA /* PBXContainerItemProxy */;
		};
		270B12851628EB41005A82FA /* PBXTargetDependency */ = {
			isa = PBXTargetDependency;
			name = CocoaAsyncSocketIOS;
			targetProxy = 270B12841628EB41005A82FA /* PBXContainerItemProxy */;
		};
/* End PBXTargetDependency section */

/* Begin XCBuildConfiguration section */
		270B119C1628E5A8005A82FA /* Debug */ = {
			isa = XCBuildConfiguration;
			buildSettings = {
				ALWAYS_SEARCH_USER_PATHS = NO;
				ARCHS = (
					"$(ARCHS_STANDARD_32_BIT)",
					armv6,
				);
				CLANG_CXX_LANGUAGE_STANDARD = "gnu++0x";
				CLANG_ENABLE_OBJC_ARC = YES;
				CLANG_WARN__DUPLICATE_METHOD_MATCH = YES;
				COPY_PHASE_STRIP = NO;
				DEAD_CODE_STRIPPING = NO;
				DYLIB_COMPATIBILITY_VERSION = 1;
				DYLIB_CURRENT_VERSION = 1;
				GCC_C_LANGUAGE_STANDARD = gnu99;
				GCC_DYNAMIC_NO_PIC = NO;
				GCC_OPTIMIZATION_LEVEL = 0;
				GCC_PREPROCESSOR_DEFINITIONS = (
					"DEBUG=1",
					"$(inherited)",
				);
				GCC_SYMBOLS_PRIVATE_EXTERN = NO;
				GCC_THUMB_SUPPORT = NO;
				GCC_VERSION = com.apple.compilers.llvm.clang.1_0;
				GCC_WARN_ABOUT_RETURN_TYPE = YES;
				GCC_WARN_UNINITIALIZED_AUTOS = YES;
				GCC_WARN_UNUSED_VARIABLE = YES;
				IPHONEOS_DEPLOYMENT_TARGET = 4.0;
				MACOSX_DEPLOYMENT_TARGET = 10.7;
				ONLY_ACTIVE_ARCH = YES;
				PRODUCT_NAME = "$(PROJECT_NAME)";
				SDKROOT = iphoneos;
				SKIP_INSTALL = YES;
				STRIP_STYLE = "non-global";
			};
			name = Debug;
		};
		270B119D1628E5A8005A82FA /* Release */ = {
			isa = XCBuildConfiguration;
			buildSettings = {
				ALWAYS_SEARCH_USER_PATHS = NO;
				ARCHS = (
					"$(ARCHS_STANDARD_32_BIT)",
					armv6,
				);
				CLANG_CXX_LANGUAGE_STANDARD = "gnu++0x";
				CLANG_ENABLE_OBJC_ARC = YES;
				CLANG_WARN__DUPLICATE_METHOD_MATCH = YES;
				COPY_PHASE_STRIP = NO;
				DEAD_CODE_STRIPPING = NO;
				DYLIB_COMPATIBILITY_VERSION = 1;
				DYLIB_CURRENT_VERSION = 1;
				GCC_C_LANGUAGE_STANDARD = gnu99;
				GCC_THUMB_SUPPORT = NO;
				GCC_VERSION = com.apple.compilers.llvm.clang.1_0;
				GCC_WARN_ABOUT_RETURN_TYPE = YES;
				GCC_WARN_UNINITIALIZED_AUTOS = YES;
				GCC_WARN_UNUSED_VARIABLE = YES;
				IPHONEOS_DEPLOYMENT_TARGET = 4.0;
				MACOSX_DEPLOYMENT_TARGET = 10.7;
				PRODUCT_NAME = "$(PROJECT_NAME)";
				SDKROOT = iphoneos;
				SKIP_INSTALL = YES;
				STRIP_STYLE = "non-global";
				VALIDATE_PRODUCT = YES;
			};
			name = Release;
		};
		270B119F1628E5A8005A82FA /* Debug */ = {
			isa = XCBuildConfiguration;
			buildSettings = {
				DSTROOT = /tmp/CocoaHTTPServer.dst;
				OTHER_LDFLAGS = "-ObjC";
				PRIVATE_HEADERS_FOLDER_PATH = "$(PRODUCT_NAME)PrivateHeaders";
				PUBLIC_HEADERS_FOLDER_PATH = "$(PRODUCT_NAME)Headers";
				SKIP_INSTALL = YES;
			};
			name = Debug;
		};
		270B11A01628E5A8005A82FA /* Release */ = {
			isa = XCBuildConfiguration;
			buildSettings = {
				DSTROOT = /tmp/CocoaHTTPServer.dst;
				OTHER_LDFLAGS = "-ObjC";
				PRIVATE_HEADERS_FOLDER_PATH = "$(PRODUCT_NAME)PrivateHeaders";
				PUBLIC_HEADERS_FOLDER_PATH = "$(PRODUCT_NAME)Headers";
				SKIP_INSTALL = YES;
			};
			name = Release;
		};
		270B11AB1628E667005A82FA /* Debug */ = {
			isa = XCBuildConfiguration;
			buildSettings = {
			};
			name = Debug;
		};
		270B11AC1628E667005A82FA /* Release */ = {
			isa = XCBuildConfiguration;
			buildSettings = {
			};
			name = Release;
		};
		270B11C41628E676005A82FA /* Debug */ = {
			isa = XCBuildConfiguration;
			buildSettings = {
				ARCHS = "$(ARCHS_STANDARD_64_BIT)";
				COMBINE_HIDPI_IMAGES = YES;
				DYLIB_COMPATIBILITY_VERSION = 1;
				DYLIB_CURRENT_VERSION = 1;
				FRAMEWORK_SEARCH_PATHS = (
					"$(inherited)",
					"\"$(SYSTEM_APPS_DIR)/Xcode.app/Contents/Developer/Library/Frameworks\"",
					"\"$(SRCROOT)/../../../../Library/Developer/Xcode/DerivedData/CocoaHTTPServer-enzpnsdpwdlfcmfvdlcoomqobbhk/Build/Products/Debug-iphoneos\"",
				);
				GCC_ENABLE_OBJC_EXCEPTIONS = YES;
				GCC_WARN_64_TO_32_BIT_CONVERSION = YES;
				INSTALL_PATH = "@executable_path/../Frameworks";
				SDKROOT = macosx;
				WRAPPER_EXTENSION = framework;
			};
			name = Debug;
		};
		270B11C51628E676005A82FA /* Release */ = {
			isa = XCBuildConfiguration;
			buildSettings = {
				ARCHS = "$(ARCHS_STANDARD_64_BIT)";
				COMBINE_HIDPI_IMAGES = YES;
				DEBUG_INFORMATION_FORMAT = "dwarf-with-dsym";
				DYLIB_COMPATIBILITY_VERSION = 1;
				DYLIB_CURRENT_VERSION = 1;
				FRAMEWORK_SEARCH_PATHS = (
					"$(inherited)",
					"\"$(SYSTEM_APPS_DIR)/Xcode.app/Contents/Developer/Library/Frameworks\"",
					"\"$(SRCROOT)/../../../../Library/Developer/Xcode/DerivedData/CocoaHTTPServer-enzpnsdpwdlfcmfvdlcoomqobbhk/Build/Products/Debug-iphoneos\"",
				);
				GCC_ENABLE_OBJC_EXCEPTIONS = YES;
				GCC_WARN_64_TO_32_BIT_CONVERSION = YES;
				INSTALL_PATH = "@executable_path/../Frameworks";
				SDKROOT = macosx;
				WRAPPER_EXTENSION = framework;
			};
			name = Release;
		};
/* End XCBuildConfiguration section */

/* Begin XCConfigurationList section */
		270B118A1628E5A8005A82FA /* Build configuration list for PBXProject "CocoaHTTPServer" */ = {
			isa = XCConfigurationList;
			buildConfigurations = (
				270B119C1628E5A8005A82FA /* Debug */,
				270B119D1628E5A8005A82FA /* Release */,
			);
			defaultConfigurationIsVisible = 0;
			defaultConfigurationName = Release;
		};
		270B119E1628E5A8005A82FA /* Build configuration list for PBXNativeTarget "CocoaHTTPServerStaticIOS" */ = {
			isa = XCConfigurationList;
			buildConfigurations = (
				270B119F1628E5A8005A82FA /* Debug */,
				270B11A01628E5A8005A82FA /* Release */,
			);
			defaultConfigurationIsVisible = 0;
			defaultConfigurationName = Release;
		};
		270B11AA1628E667005A82FA /* Build configuration list for PBXAggregateTarget "CocoaHTTPServerIOS" */ = {
			isa = XCConfigurationList;
			buildConfigurations = (
				270B11AB1628E667005A82FA /* Debug */,
				270B11AC1628E667005A82FA /* Release */,
			);
			defaultConfigurationIsVisible = 0;
			defaultConfigurationName = Release;
		};
		270B11C31628E676005A82FA /* Build configuration list for PBXNativeTarget "CocoaHTTPServerOSX" */ = {
			isa = XCConfigurationList;
			buildConfigurations = (
				270B11C41628E676005A82FA /* Debug */,
				270B11C51628E676005A82FA /* Release */,
			);
			defaultConfigurationIsVisible = 0;
			defaultConfigurationName = Release;
		};
/* End XCConfigurationList section */
	};
	rootObject = 270B11871628E5A8005A82FA /* Project object */;
}
