// !$*UTF8*$!
{
	archiveVersion = 1;
	classes = {
	};
	objectVersion = 46;
	objects = {

/* Begin PBXAggregateTarget section */
		270B11A91628E667005A82FA /* CocoaHTTPServerIOS */ = {
			isa = PBXAggregateTarget;
			buildConfigurationList = 270B11AA1628E667005A82FA /* Build configuration list for PBXAggregateTarget "CocoaHTTPServerIOS" */;
			buildPhases = (
				270B11CC1628E9B0005A82FA /* Build Framework */,
			);
			dependencies = (
				270B12851628EB41005A82FA /* PBXTargetDependency */,
				270B11CB1628E9A5005A82FA /* PBXTargetDependency */,
			);
			name = CocoaHTTPServerIOS;
			productName = CocoaHTTPServerIOS;
		};
/* End PBXAggregateTarget section */

/* Begin PBXBuildFile section */
		270B12041628EA8C005A82FA /* DDData.h in Headers */ = {isa = PBXBuildFile; fileRef = 270B11D41628EA8C005A82FA /* DDData.h */; settings = {ATTRIBUTES = (Public, ); }; };
		270B12051628EA8C005A82FA /* DDData.h in Headers */ = {isa = PBXBuildFile; fileRef = 270B11D41628EA8C005A82FA /* DDData.h */; settings = {ATTRIBUTES = (Public, ); }; };
		270B12061628EA8C005A82FA /* DDData.m in Sources */ = {isa = PBXBuildFile; fileRef = 270B11D51628EA8C005A82FA /* DDData.m */; };
		270B12071628EA8C005A82FA /* DDData.m in Sources */ = {isa = PBXBuildFile; fileRef = 270B11D51628EA8C005A82FA /* DDData.m */; };
		270B12081628EA8C005A82FA /* DDNumber.h in Headers */ = {isa = PBXBuildFile; fileRef = 270B11D61628EA8C005A82FA /* DDNumber.h */; settings = {ATTRIBUTES = (Public, ); }; };
		270B12091628EA8C005A82FA /* DDNumber.h in Headers */ = {isa = PBXBuildFile; fileRef = 270B11D61628EA8C005A82FA /* DDNumber.h */; settings = {ATTRIBUTES = (Public, ); }; };
		270B120A1628EA8C005A82FA /* DDNumber.m in Sources */ = {isa = PBXBuildFile; fileRef = 270B11D71628EA8C005A82FA /* DDNumber.m */; };
		270B120B1628EA8C005A82FA /* DDNumber.m in Sources */ = {isa = PBXBuildFile; fileRef = 270B11D71628EA8C005A82FA /* DDNumber.m */; };
		270B120C1628EA8C005A82FA /* DDRange.h in Headers */ = {isa = PBXBuildFile; fileRef = 270B11D81628EA8C005A82FA /* DDRange.h */; settings = {ATTRIBUTES = (Public, ); }; };
		270B120D1628EA8C005A82FA /* DDRange.h in Headers */ = {isa = PBXBuildFile; fileRef = 270B11D81628EA8C005A82FA /* DDRange.h */; settings = {ATTRIBUTES = (Public, ); }; };
		270B120E1628EA8C005A82FA /* DDRange.m in Sources */ = {isa = PBXBuildFile; fileRef = 270B11D91628EA8C005A82FA /* DDRange.m */; };
		270B120F1628EA8C005A82FA /* DDRange.m in Sources */ = {isa = PBXBuildFile; fileRef = 270B11D91628EA8C005A82FA /* DDRange.m */; };
		270B12101628EA8C005A82FA /* HTTPAuthenticationRequest.h in Headers */ = {isa = PBXBuildFile; fileRef = 270B11DA1628EA8C005A82FA /* HTTPAuthenticationRequest.h */; settings = {ATTRIBUTES = (Public, ); }; };
		270B12111628EA8C005A82FA /* HTTPAuthenticationRequest.h in Headers */ = {isa = PBXBuildFile; fileRef = 270B11DA1628EA8C005A82FA /* HTTPAuthenticationRequest.h */; settings = {ATTRIBUTES = (Public, ); }; };
		270B12121628EA8C005A82FA /* HTTPAuthenticationRequest.m in Sources */ = {isa = PBXBuildFile; fileRef = 270B11DB1628EA8C005A82FA /* HTTPAuthenticationRequest.m */; };
		270B12131628EA8C005A82FA /* HTTPAuthenticationRequest.m in Sources */ = {isa = PBXBuildFile; fileRef = 270B11DB1628EA8C005A82FA /* HTTPAuthenticationRequest.m */; };
		270B12141628EA8C005A82FA /* HTTPConnection.h in Headers */ = {isa = PBXBuildFile; fileRef = 270B11DC1628EA8C005A82FA /* HTTPConnection.h */; settings = {ATTRIBUTES = (Public, ); }; };
		270B12151628EA8C005A82FA /* HTTPConnection.h in Headers */ = {isa = PBXBuildFile; fileRef = 270B11DC1628EA8C005A82FA /* HTTPConnection.h */; settings = {ATTRIBUTES = (Public, ); }; };
		270B12161628EA8C005A82FA /* HTTPConnection.m in Sources */ = {isa = PBXBuildFile; fileRef = 270B11DD1628EA8C005A82FA /* HTTPConnection.m */; };
		270B12171628EA8C005A82FA /* HTTPConnection.m in Sources */ = {isa = PBXBuildFile; fileRef = 270B11DD1628EA8C005A82FA /* HTTPConnection.m */; };
		270B12181628EA8C005A82FA /* HTTPLogging.h in Headers */ = {isa = PBXBuildFile; fileRef = 270B11DE1628EA8C005A82FA /* HTTPLogging.h */; settings = {ATTRIBUTES = (Public, ); }; };
		270B12191628EA8C005A82FA /* HTTPLogging.h in Headers */ = {isa = PBXBuildFile; fileRef = 270B11DE1628EA8C005A82FA /* HTTPLogging.h */; settings = {ATTRIBUTES = (Public, ); }; };
		270B121A1628EA8C005A82FA /* HTTPMessage.h in Headers */ = {isa = PBXBuildFile; fileRef = 270B11DF1628EA8C005A82FA /* HTTPMessage.h */; settings = {ATTRIBUTES = (Public, ); }; };
		270B121B1628EA8C005A82FA /* HTTPMessage.h in Headers */ = {isa = PBXBuildFile; fileRef = 270B11DF1628EA8C005A82FA /* HTTPMessage.h */; settings = {ATTRIBUTES = (Public, ); }; };
		270B121C1628EA8C005A82FA /* HTTPMessage.m in Sources */ = {isa = PBXBuildFile; fileRef = 270B11E01628EA8C005A82FA /* HTTPMessage.m */; };
		270B121D1628EA8C005A82FA /* HTTPMessage.m in Sources */ = {isa = PBXBuildFile; fileRef = 270B11E01628EA8C005A82FA /* HTTPMessage.m */; };
		270B121E1628EA8C005A82FA /* HTTPResponse.h in Headers */ = {isa = PBXBuildFile; fileRef = 270B11E11628EA8C005A82FA /* HTTPResponse.h */; settings = {ATTRIBUTES = (Public, ); }; };
		270B121F1628EA8C005A82FA /* HTTPResponse.h in Headers */ = {isa = PBXBuildFile; fileRef = 270B11E11628EA8C005A82FA /* HTTPResponse.h */; settings = {ATTRIBUTES = (Public, ); }; };
		270B12201628EA8C005A82FA /* HTTPServer.h in Headers */ = {isa = PBXBuildFile; fileRef = 270B11E21628EA8C005A82FA /* HTTPServer.h */; settings = {ATTRIBUTES = (Public, ); }; };
		270B12211628EA8C005A82FA /* HTTPServer.h in Headers */ = {isa = PBXBuildFile; fileRef = 270B11E21628EA8C005A82FA /* HTTPServer.h */; settings = {ATTRIBUTES = (Public, ); }; };
		270B12221628EA8C005A82FA /* HTTPServer.m in Sources */ = {isa = PBXBuildFile; fileRef = 270B11E31628EA8C005A82FA /* HTTPServer.m */; };
		270B12231628EA8C005A82FA /* HTTPServer.m in Sources */ = {isa = PBXBuildFile; fileRef = 270B11E31628EA8C005A82FA /* HTTPServer.m */; };
		270B12301628EA8C005A82FA /* HTTPAsyncFileResponse.h in Headers */ = {isa = PBXBuildFile; fileRef = 270B11EC1628EA8C005A82FA /* HTTPAsyncFileResponse.h */; settings = {ATTRIBUTES = (Public, ); }; };
		270B12311628EA8C005A82FA /* HTTPAsyncFileResponse.h in Headers */ = {isa = PBXBuildFile; fileRef = 270B11EC1628EA8C005A82FA /* HTTPAsyncFileResponse.h */; settings = {ATTRIBUTES = (Public, ); }; };
		270B12321628EA8C005A82FA /* HTTPAsyncFileResponse.m in Sources */ = {isa = PBXBuildFile; fileRef = 270B11ED1628EA8C005A82FA /* HTTPAsyncFileResponse.m */; };
		270B12331628EA8C005A82FA /* HTTPAsyncFileResponse.m in Sources */ = {isa = PBXBuildFile; fileRef = 270B11ED1628EA8C005A82FA /* HTTPAsyncFileResponse.m */; };
		270B12341628EA8C005A82FA /* HTTPDataResponse.h in Headers */ = {isa = PBXBuildFile; fileRef = 270B11EE1628EA8C005A82FA /* HTTPDataResponse.h */; settings = {ATTRIBUTES = (Public, ); }; };
		270B12351628EA8C005A82FA /* HTTPDataResponse.h in Headers */ = {isa = PBXBuildFile; fileRef = 270B11EE1628EA8C005A82FA /* HTTPDataResponse.h */; settings = {ATTRIBUTES = (Public, ); }; };
		270B12361628EA8C005A82FA /* HTTPDataResponse.m in Sources */ = {isa = PBXBuildFile; fileRef = 270B11EF1628EA8C005A82FA /* HTTPDataResponse.m */; };
		270B12371628EA8C005A82FA /* HTTPDataResponse.m in Sources */ = {isa = PBXBuildFile; fileRef = 270B11EF1628EA8C005A82FA /* HTTPDataResponse.m */; };
		270B12381628EA8C005A82FA /* HTTPDynamicFileResponse.h in Headers */ = {isa = PBXBuildFile; fileRef = 270B11F01628EA8C005A82FA /* HTTPDynamicFileResponse.h */; settings = {ATTRIBUTES = (Public, ); }; };
		270B12391628EA8C005A82FA /* HTTPDynamicFileResponse.h in Headers */ = {isa = PBXBuildFile; fileRef = 270B11F01628EA8C005A82FA /* HTTPDynamicFileResponse.h */; settings = {ATTRIBUTES = (Public, ); }; };
		270B123A1628EA8C005A82FA /* HTTPDynamicFileResponse.m in Sources */ = {isa = PBXBuildFile; fileRef = 270B11F11628EA8C005A82FA /* HTTPDynamicFileResponse.m */; };
		270B123B1628EA8C005A82FA /* HTTPDynamicFileResponse.m in Sources */ = {isa = PBXBuildFile; fileRef = 270B11F11628EA8C005A82FA /* HTTPDynamicFileResponse.m */; };
		270B123C1628EA8C005A82FA /* HTTPFileResponse.h in Headers */ = {isa = PBXBuildFile; fileRef = 270B11F21628EA8C005A82FA /* HTTPFileResponse.h */; settings = {ATTRIBUTES = (Public, ); }; };
		270B123D1628EA8C005A82FA /* HTTPFileResponse.h in Headers */ = {isa = PBXBuildFile; fileRef = 270B11F21628EA8C005A82FA /* HTTPFileResponse.h */; settings = {ATTRIBUTES = (Public, ); }; };
		270B123E1628EA8C005A82FA /* HTTPFileResponse.m in Sources */ = {isa = PBXBuildFile; fileRef = 270B11F31628EA8C005A82FA /* HTTPFileResponse.m */; };
		270B123F1628EA8C005A82FA /* HTTPFileResponse.m in Sources */ = {isa = PBXBuildFile; fileRef = 270B11F31628EA8C005A82FA /* HTTPFileResponse.m */; };
		270B12401628EA8C005A82FA /* HTTPRedirectResponse.h in Headers */ = {isa = PBXBuildFile; fileRef = 270B11F41628EA8C005A82FA /* HTTPRedirectResponse.h */; settings = {ATTRIBUTES = (Public, ); }; };
		270B12411628EA8C005A82FA /* HTTPRedirectResponse.h in Headers */ = {isa = PBXBuildFile; fileRef = 270B11F41628EA8C005A82FA /* HTTPRedirectResponse.h */; settings = {ATTRIBUTES = (Public, ); }; };
		270B12421628EA8C005A82FA /* HTTPRedirectResponse.m in Sources */ = {isa = PBXBuildFile; fileRef = 270B11F51628EA8C005A82FA /* HTTPRedirectResponse.m */; };
		270B12431628EA8C005A82FA /* HTTPRedirectResponse.m in Sources */ = {isa = PBXBuildFile; fileRef = 270B11F51628EA8C005A82FA /* HTTPRedirectResponse.m */; };
		270B12441628EA8C005A82FA /* WebSocket.h in Headers */ = {isa = PBXBuildFile; fileRef = 270B11F61628EA8C005A82FA /* WebSocket.h */; settings = {ATTRIBUTES = (Public, ); }; };
		270B12451628EA8C005A82FA /* WebSocket.h in Headers */ = {isa = PBXBuildFile; fileRef = 270B11F61628EA8C005A82FA /* WebSocket.h */; settings = {ATTRIBUTES = (Public, ); }; };
		270B12461628EA8C005A82FA /* WebSocket.m in Sources */ = {isa = PBXBuildFile; fileRef = 270B11F71628EA8C005A82FA /* WebSocket.m */; };
		270B12471628EA8C005A82FA /* WebSocket.m in Sources */ = {isa = PBXBuildFile; fileRef = 270B11F71628EA8C005A82FA /* WebSocket.m */; };
		2769887F162B6A1500E0D45E /* CocoaAsyncSocket.framework in Frameworks */ = {isa = PBXBuildFile; fileRef = 270B127E1628EB33005A82FA /* CocoaAsyncSocket.framework */; };
		2769888A162B6A4000E0D45E /* CocoaLumberjack.framework in Frameworks */ = {isa = PBXBuildFile; fileRef = 27698889162B6A3700E0D45E /* CocoaLumberjack.framework */; };
		27C38CBB162B97BC006E831C /* License-CocoaHTTPServer.txt in Resources */ = {isa = PBXBuildFile; fileRef = 27C38CB8162B97BC006E831C /* License-CocoaHTTPServer.txt */; };
		27C38CBC162B97BC006E831C /* License.txt in Resources */ = {isa = PBXBuildFile; fileRef = 27C38CB9162B97BC006E831C /* License.txt */; };
		27C38CBD162B97BC006E831C /* Version in Resources */ = {isa = PBXBuildFile; fileRef = 27C38CBA162B97BC006E831C /* Version */; };
		27C38CBE162B97C8006E831C /* License-CocoaHTTPServer.txt in CopyFiles */ = {isa = PBXBuildFile; fileRef = 27C38CB8162B97BC006E831C /* License-CocoaHTTPServer.txt */; };
		27C38CBF162B97C8006E831C /* License.txt in CopyFiles */ = {isa = PBXBuildFile; fileRef = 27C38CB9162B97BC006E831C /* License.txt */; };
		27C38CC0162B97C8006E831C /* Version in CopyFiles */ = {isa = PBXBuildFile; fileRef = 27C38CBA162B97BC006E831C /* Version */; };
		27D1C360162E344100CA0018 /* MultipartFormDataParser.h in Headers */ = {isa = PBXBuildFile; fileRef = 27D1C35A162E344100CA0018 /* MultipartFormDataParser.h */; settings = {ATTRIBUTES = (Public, ); }; };
		27D1C361162E344100CA0018 /* MultipartFormDataParser.h in Headers */ = {isa = PBXBuildFile; fileRef = 27D1C35A162E344100CA0018 /* MultipartFormDataParser.h */; settings = {ATTRIBUTES = (Public, ); }; };
		27D1C362162E344100CA0018 /* MultipartFormDataParser.m in Sources */ = {isa = PBXBuildFile; fileRef = 27D1C35B162E344100CA0018 /* MultipartFormDataParser.m */; };
		27D1C363162E344100CA0018 /* MultipartFormDataParser.m in Sources */ = {isa = PBXBuildFile; fileRef = 27D1C35B162E344100CA0018 /* MultipartFormDataParser.m */; };
		27D1C364162E344100CA0018 /* MultipartMessageHeader.h in Headers */ = {isa = PBXBuildFile; fileRef = 27D1C35C162E344100CA0018 /* MultipartMessageHeader.h */; settings = {ATTRIBUTES = (Public, ); }; };
		27D1C365162E344100CA0018 /* MultipartMessageHeader.h in Headers */ = {isa = PBXBuildFile; fileRef = 27D1C35C162E344100CA0018 /* MultipartMessageHeader.h */; settings = {ATTRIBUTES = (Public, ); }; };
		27D1C366162E344100CA0018 /* MultipartMessageHeader.m in Sources */ = {isa = PBXBuildFile; fileRef = 27D1C35D162E344100CA0018 /* MultipartMessageHeader.m */; };
		27D1C367162E344100CA0018 /* MultipartMessageHeader.m in Sources */ = {isa = PBXBuildFile; fileRef = 27D1C35D162E344100CA0018 /* MultipartMessageHeader.m */; };
		27D1C368162E344100CA0018 /* MultipartMessageHeaderField.h in Headers */ = {isa = PBXBuildFile; fileRef = 27D1C35E162E344100CA0018 /* MultipartMessageHeaderField.h */; settings = {ATTRIBUTES = (Public, ); }; };
		27D1C369162E344100CA0018 /* MultipartMessageHeaderField.h in Headers */ = {isa = PBXBuildFile; fileRef = 27D1C35E162E344100CA0018 /* MultipartMessageHeaderField.h */; settings = {ATTRIBUTES = (Public, ); }; };
		27D1C36A162E344100CA0018 /* MultipartMessageHeaderField.m in Sources */ = {isa = PBXBuildFile; fileRef = 27D1C35F162E344100CA0018 /* MultipartMessageHeaderField.m */; };
		27D1C36B162E344100CA0018 /* MultipartMessageHeaderField.m in Sources */ = {isa = PBXBuildFile; fileRef = 27D1C35F162E344100CA0018 /* MultipartMessageHeaderField.m */; };
		27D481E6162E32FE003FA4D2 /* DAVConnection.h in Headers */ = {isa = PBXBuildFile; fileRef = 27D481DE162E32FE003FA4D2 /* DAVConnection.h */; settings = {ATTRIBUTES = (Public, ); }; };
		27D481E7162E32FE003FA4D2 /* DAVConnection.h in Headers */ = {isa = PBXBuildFile; fileRef = 27D481DE162E32FE003FA4D2 /* DAVConnection.h */; settings = {ATTRIBUTES = (Public, ); }; };
		27D481E8162E32FE003FA4D2 /* DAVConnection.m in Sources */ = {isa = PBXBuildFile; fileRef = 27D481DF162E32FE003FA4D2 /* DAVConnection.m */; };
		27D481E9162E32FE003FA4D2 /* DAVConnection.m in Sources */ = {isa = PBXBuildFile; fileRef = 27D481DF162E32FE003FA4D2 /* DAVConnection.m */; };
		27D481EA162E32FE003FA4D2 /* DAVResponse.h in Headers */ = {isa = PBXBuildFile; fileRef = 27D481E0162E32FE003FA4D2 /* DAVResponse.h */; settings = {ATTRIBUTES = (Public, ); }; };
		27D481EB162E32FE003FA4D2 /* DAVResponse.h in Headers */ = {isa = PBXBuildFile; fileRef = 27D481E0162E32FE003FA4D2 /* DAVResponse.h */; settings = {ATTRIBUTES = (Public, ); }; };
		27D481EC162E32FE003FA4D2 /* DAVResponse.m in Sources */ = {isa = PBXBuildFile; fileRef = 27D481E1162E32FE003FA4D2 /* DAVResponse.m */; };
		27D481ED162E32FE003FA4D2 /* DAVResponse.m in Sources */ = {isa = PBXBuildFile; fileRef = 27D481E1162E32FE003FA4D2 /* DAVResponse.m */; };
		27D481EE162E32FE003FA4D2 /* DELETEResponse.h in Headers */ = {isa = PBXBuildFile; fileRef = 27D481E2162E32FE003FA4D2 /* DELETEResponse.h */; settings = {ATTRIBUTES = (Public, ); }; };
		27D481EF162E32FE003FA4D2 /* DELETEResponse.h in Headers */ = {isa = PBXBuildFile; fileRef = 27D481E2162E32FE003FA4D2 /* DELETEResponse.h */; settings = {ATTRIBUTES = (Public, ); }; };
		27D481F0162E32FE003FA4D2 /* DELETEResponse.m in Sources */ = {isa = PBXBuildFile; fileRef = 27D481E3162E32FE003FA4D2 /* DELETEResponse.m */; };
		27D481F1162E32FE003FA4D2 /* DELETEResponse.m in Sources */ = {isa = PBXBuildFile; fileRef = 27D481E3162E32FE003FA4D2 /* DELETEResponse.m */; };
		27D481F2162E32FE003FA4D2 /* PUTResponse.h in Headers */ = {isa = PBXBuildFile; fileRef = 27D481E4162E32FE003FA4D2 /* PUTResponse.h */; settings = {ATTRIBUTES = (Public, ); }; };
		27D481F3162E32FE003FA4D2 /* PUTResponse.h in Headers */ = {isa = PBXBuildFile; fileRef = 27D481E4162E32FE003FA4D2 /* PUTResponse.h */; settings = {ATTRIBUTES = (Public, ); }; };
		27D481F4162E32FE003FA4D2 /* PUTResponse.m in Sources */ = {isa = PBXBuildFile; fileRef = 27D481E5162E32FE003FA4D2 /* PUTResponse.m */; };
		27D481F5162E32FE003FA4D2 /* PUTResponse.m in Sources */ = {isa = PBXBuildFile; fileRef = 27D481E5162E32FE003FA4D2 /* PUTResponse.m */; };
		D5FE357E163AF4870090BB94 /* CocoaHTTPServerTests.m in Sources */ = {isa = PBXBuildFile; fileRef = D5FE357D163AF4870090BB94 /* CocoaHTTPServerTests.m */; };
		D5FE357F163AF4870090BB94 /* CocoaHTTPServerTests.m in Sources */ = {isa = PBXBuildFile; fileRef = D5FE357D163AF4870090BB94 /* CocoaHTTPServerTests.m */; };
		D5FE35A2163AF5630090BB94 /* libCocoaHTTPServer.a in Frameworks */ = {isa = PBXBuildFile; fileRef = 270B11901628E5A8005A82FA /* libCocoaHTTPServer.a */; };
		D5FE35AF163AF5EC0090BB94 /* SenTestingKit.framework in Frameworks */ = {isa = PBXBuildFile; fileRef = D5FE35A9163AF5B20090BB94 /* SenTestingKit.framework */; };
		D5FE35B3163AF60A0090BB94 /* CFNetwork.framework in Frameworks */ = {isa = PBXBuildFile; fileRef = D5FE35B2163AF60A0090BB94 /* CFNetwork.framework */; };
		D5FE35B5163AF6110090BB94 /* libxml2.dylib in Frameworks */ = {isa = PBXBuildFile; fileRef = D5FE35B4163AF6110090BB94 /* libxml2.dylib */; };
		D5FE35B9163AF6450090BB94 /* CocoaHTTPServer.framework in Frameworks */ = {isa = PBXBuildFile; fileRef = 270B11B21628E676005A82FA /* CocoaHTTPServer.framework */; };
		D5FE35BD163AF68C0090BB94 /* Security.framework in Frameworks */ = {isa = PBXBuildFile; fileRef = D5FE35AC163AF5BE0090BB94 /* Security.framework */; };
		D5FE35BE163AF6910090BB94 /* CFNetwork.framework in Frameworks */ = {isa = PBXBuildFile; fileRef = D5FE35A6163AF5A50090BB94 /* CFNetwork.framework */; };
		D5FE35BF163AF6A30090BB94 /* libCocoaAsyncSocket.a in Frameworks */ = {isa = PBXBuildFile; fileRef = 270B127C1628EB33005A82FA /* libCocoaAsyncSocket.a */; };
		D5FE35E5163AF78D0090BB94 /* SenTestingKit.framework in Frameworks */ = {isa = PBXBuildFile; fileRef = D5FE35A9163AF5B20090BB94 /* SenTestingKit.framework */; };
		D5FE3683163AFCF70090BB94 /* UIKit.framework in Frameworks */ = {isa = PBXBuildFile; fileRef = D5FE3682163AFCF70090BB94 /* UIKit.framework */; };
		D5FE3685163AFCFC0090BB94 /* CoreGraphics.framework in Frameworks */ = {isa = PBXBuildFile; fileRef = D5FE3684163AFCFC0090BB94 /* CoreGraphics.framework */; };
		D5FE3687163AFD020090BB94 /* libxml2.dylib in Frameworks */ = {isa = PBXBuildFile; fileRef = D5FE3686163AFD020090BB94 /* libxml2.dylib */; };
/* End PBXBuildFile section */

/* Begin PBXContainerItemProxy section */
		270B11CA1628E9A5005A82FA /* PBXContainerItemProxy */ = {
			isa = PBXContainerItemProxy;
			containerPortal = 270B11871628E5A8005A82FA /* Project object */;
			proxyType = 1;
			remoteGlobalIDString = 270B118F1628E5A8005A82FA;
			remoteInfo = CocoaHTTPServerStaticIOS;
		};
		270B127B1628EB33005A82FA /* PBXContainerItemProxy */ = {
			isa = PBXContainerItemProxy;
			containerPortal = 270B126E1628EB33005A82FA /* CocoaAsyncSocket.xcodeproj */;
			proxyType = 2;
			remoteGlobalIDString = 27FBB4D2162765FF0060C9AF;
			remoteInfo = CocoaAsyncSocketStaticIOS;
		};
		270B127D1628EB33005A82FA /* PBXContainerItemProxy */ = {
			isa = PBXContainerItemProxy;
			containerPortal = 270B126E1628EB33005A82FA /* CocoaAsyncSocket.xcodeproj */;
			proxyType = 2;
			remoteGlobalIDString = 27FBB4EC162766610060C9AF;
			remoteInfo = CocoaAsyncSocketOSX;
		};
		270B12801628EB39005A82FA /* PBXContainerItemProxy */ = {
			isa = PBXContainerItemProxy;
			containerPortal = 270B126E1628EB33005A82FA /* CocoaAsyncSocket.xcodeproj */;
			proxyType = 1;
			remoteGlobalIDString = 27FBB4D1162765FF0060C9AF;
			remoteInfo = CocoaAsyncSocketStaticIOS;
		};
		270B12821628EB3E005A82FA /* PBXContainerItemProxy */ = {
			isa = PBXContainerItemProxy;
			containerPortal = 270B126E1628EB33005A82FA /* CocoaAsyncSocket.xcodeproj */;
			proxyType = 1;
			remoteGlobalIDString = 27FBB4EB162766610060C9AF;
			remoteInfo = CocoaAsyncSocketOSX;
		};
		270B12841628EB41005A82FA /* PBXContainerItemProxy */ = {
			isa = PBXContainerItemProxy;
			containerPortal = 270B126E1628EB33005A82FA /* CocoaAsyncSocket.xcodeproj */;
			proxyType = 1;
			remoteGlobalIDString = 27FBB5001627668B0060C9AF;
			remoteInfo = CocoaAsyncSocketIOS;
		};
		27698886162B6A3700E0D45E /* PBXContainerItemProxy */ = {
			isa = PBXContainerItemProxy;
			containerPortal = 27698880162B6A3700E0D45E /* CocoaLumberjack.xcodeproj */;
			proxyType = 2;
			remoteGlobalIDString = 2765C67C161CC34100E21ECB;
			remoteInfo = CocoaLumberjackStaticIOS;
		};
		27698888162B6A3700E0D45E /* PBXContainerItemProxy */ = {
			isa = PBXContainerItemProxy;
			containerPortal = 27698880162B6A3700E0D45E /* CocoaLumberjack.xcodeproj */;
			proxyType = 2;
			remoteGlobalIDString = 2765C6CC161CCD2B00E21ECB;
			remoteInfo = CocoaLumberjackOSX;
		};
		D5291E7D1639D9C10017DB63 /* PBXContainerItemProxy */ = {
			isa = PBXContainerItemProxy;
			containerPortal = 27698880162B6A3700E0D45E /* CocoaLumberjack.xcodeproj */;
			proxyType = 2;
			remoteGlobalIDString = 271173A41634CCB20077D393;
			remoteInfo = CocoaLumberjackIOSTests;
		};
		D5291E7F1639D9C10017DB63 /* PBXContainerItemProxy */ = {
			isa = PBXContainerItemProxy;
			containerPortal = 27698880162B6A3700E0D45E /* CocoaLumberjack.xcodeproj */;
			proxyType = 2;
			remoteGlobalIDString = 271173CF1634CE850077D393;
			remoteInfo = CocoaLumberjackOSXTests;
		};
		D5FE3530163AF4000090BB94 /* PBXContainerItemProxy */ = {
			isa = PBXContainerItemProxy;
			containerPortal = 270B126E1628EB33005A82FA /* CocoaAsyncSocket.xcodeproj */;
			proxyType = 2;
			remoteGlobalIDString = D5A25765163AE01700D1E001;
			remoteInfo = CocoaAsyncSocketIOSTests;
		};
		D5FE3532163AF4000090BB94 /* PBXContainerItemProxy */ = {
			isa = PBXContainerItemProxy;
			containerPortal = 270B126E1628EB33005A82FA /* CocoaAsyncSocket.xcodeproj */;
			proxyType = 2;
			remoteGlobalIDString = D5A257AD163AE12400D1E001;
			remoteInfo = CocoaAsyncSocketOSXTests;
		};
		D5FE359E163AF5380090BB94 /* PBXContainerItemProxy */ = {
			isa = PBXContainerItemProxy;
			containerPortal = 270B11871628E5A8005A82FA /* Project object */;
			proxyType = 1;
			remoteGlobalIDString = 270B118F1628E5A8005A82FA;
			remoteInfo = CocoaHTTPServerStaticIOS;
		};
		D5FE35A0163AF53C0090BB94 /* PBXContainerItemProxy */ = {
			isa = PBXContainerItemProxy;
			containerPortal = 270B11871628E5A8005A82FA /* Project object */;
			proxyType = 1;
			remoteGlobalIDString = 270B11B11628E676005A82FA;
			remoteInfo = CocoaHTTPServerOSX;
		};
/* End PBXContainerItemProxy section */

/* Begin PBXCopyFilesBuildPhase section */
		270B118E1628E5A8005A82FA /* CopyFiles */ = {
			isa = PBXCopyFilesBuildPhase;
			buildActionMask = 2147483647;
			dstPath = "${PRODUCT_NAME}Resources";
			dstSubfolderSpec = 16;
			files = (
				27C38CBE162B97C8006E831C /* License-CocoaHTTPServer.txt in CopyFiles */,
				27C38CBF162B97C8006E831C /* License.txt in CopyFiles */,
				27C38CC0162B97C8006E831C /* Version in CopyFiles */,
			);
			runOnlyForDeploymentPostprocessing = 0;
		};
/* End PBXCopyFilesBuildPhase section */

/* Begin PBXFileReference section */
		270B11901628E5A8005A82FA /* libCocoaHTTPServer.a */ = {isa = PBXFileReference; explicitFileType = archive.ar; includeInIndex = 0; path = libCocoaHTTPServer.a; sourceTree = BUILT_PRODUCTS_DIR; };
		270B11B21628E676005A82FA /* CocoaHTTPServer.framework */ = {isa = PBXFileReference; explicitFileType = wrapper.framework; includeInIndex = 0; path = CocoaHTTPServer.framework; sourceTree = BUILT_PRODUCTS_DIR; };
		270B11D41628EA8C005A82FA /* DDData.h */ = {isa = PBXFileReference; fileEncoding = 4; lastKnownFileType = sourcecode.c.h; path = DDData.h; sourceTree = "<group>"; };
		270B11D51628EA8C005A82FA /* DDData.m */ = {isa = PBXFileReference; fileEncoding = 4; lastKnownFileType = sourcecode.c.objc; path = DDData.m; sourceTree = "<group>"; };
		270B11D61628EA8C005A82FA /* DDNumber.h */ = {isa = PBXFileReference; fileEncoding = 4; lastKnownFileType = sourcecode.c.h; path = DDNumber.h; sourceTree = "<group>"; };
		270B11D71628EA8C005A82FA /* DDNumber.m */ = {isa = PBXFileReference; fileEncoding = 4; lastKnownFileType = sourcecode.c.objc; path = DDNumber.m; sourceTree = "<group>"; };
		270B11D81628EA8C005A82FA /* DDRange.h */ = {isa = PBXFileReference; fileEncoding = 4; lastKnownFileType = sourcecode.c.h; path = DDRange.h; sourceTree = "<group>"; };
		270B11D91628EA8C005A82FA /* DDRange.m */ = {isa = PBXFileReference; fileEncoding = 4; lastKnownFileType = sourcecode.c.objc; path = DDRange.m; sourceTree = "<group>"; };
		270B11DA1628EA8C005A82FA /* HTTPAuthenticationRequest.h */ = {isa = PBXFileReference; fileEncoding = 4; lastKnownFileType = sourcecode.c.h; name = HTTPAuthenticationRequest.h; path = Core/HTTPAuthenticationRequest.h; sourceTree = "<group>"; };
		270B11DB1628EA8C005A82FA /* HTTPAuthenticationRequest.m */ = {isa = PBXFileReference; fileEncoding = 4; lastKnownFileType = sourcecode.c.objc; name = HTTPAuthenticationRequest.m; path = Core/HTTPAuthenticationRequest.m; sourceTree = "<group>"; };
		270B11DC1628EA8C005A82FA /* HTTPConnection.h */ = {isa = PBXFileReference; fileEncoding = 4; lastKnownFileType = sourcecode.c.h; name = HTTPConnection.h; path = Core/HTTPConnection.h; sourceTree = "<group>"; };
		270B11DD1628EA8C005A82FA /* HTTPConnection.m */ = {isa = PBXFileReference; fileEncoding = 4; lastKnownFileType = sourcecode.c.objc; name = HTTPConnection.m; path = Core/HTTPConnection.m; sourceTree = "<group>"; };
		270B11DE1628EA8C005A82FA /* HTTPLogging.h */ = {isa = PBXFileReference; fileEncoding = 4; lastKnownFileType = sourcecode.c.h; name = HTTPLogging.h; path = Core/HTTPLogging.h; sourceTree = "<group>"; };
		270B11DF1628EA8C005A82FA /* HTTPMessage.h */ = {isa = PBXFileReference; fileEncoding = 4; lastKnownFileType = sourcecode.c.h; name = HTTPMessage.h; path = Core/HTTPMessage.h; sourceTree = "<group>"; };
		270B11E01628EA8C005A82FA /* HTTPMessage.m */ = {isa = PBXFileReference; fileEncoding = 4; lastKnownFileType = sourcecode.c.objc; name = HTTPMessage.m; path = Core/HTTPMessage.m; sourceTree = "<group>"; };
		270B11E11628EA8C005A82FA /* HTTPResponse.h */ = {isa = PBXFileReference; fileEncoding = 4; lastKnownFileType = sourcecode.c.h; name = HTTPResponse.h; path = Core/HTTPResponse.h; sourceTree = "<group>"; };
		270B11E21628EA8C005A82FA /* HTTPServer.h */ = {isa = PBXFileReference; fileEncoding = 4; lastKnownFileType = sourcecode.c.h; name = HTTPServer.h; path = Core/HTTPServer.h; sourceTree = "<group>"; };
		270B11E31628EA8C005A82FA /* HTTPServer.m */ = {isa = PBXFileReference; fileEncoding = 4; lastKnownFileType = sourcecode.c.objc; name = HTTPServer.m; path = Core/HTTPServer.m; sourceTree = "<group>"; };
		270B11EC1628EA8C005A82FA /* HTTPAsyncFileResponse.h */ = {isa = PBXFileReference; fileEncoding = 4; lastKnownFileType = sourcecode.c.h; path = HTTPAsyncFileResponse.h; sourceTree = "<group>"; };
		270B11ED1628EA8C005A82FA /* HTTPAsyncFileResponse.m */ = {isa = PBXFileReference; fileEncoding = 4; lastKnownFileType = sourcecode.c.objc; path = HTTPAsyncFileResponse.m; sourceTree = "<group>"; };
		270B11EE1628EA8C005A82FA /* HTTPDataResponse.h */ = {isa = PBXFileReference; fileEncoding = 4; lastKnownFileType = sourcecode.c.h; path = HTTPDataResponse.h; sourceTree = "<group>"; };
		270B11EF1628EA8C005A82FA /* HTTPDataResponse.m */ = {isa = PBXFileReference; fileEncoding = 4; lastKnownFileType = sourcecode.c.objc; path = HTTPDataResponse.m; sourceTree = "<group>"; };
		270B11F01628EA8C005A82FA /* HTTPDynamicFileResponse.h */ = {isa = PBXFileReference; fileEncoding = 4; lastKnownFileType = sourcecode.c.h; path = HTTPDynamicFileResponse.h; sourceTree = "<group>"; };
		270B11F11628EA8C005A82FA /* HTTPDynamicFileResponse.m */ = {isa = PBXFileReference; fileEncoding = 4; lastKnownFileType = sourcecode.c.objc; path = HTTPDynamicFileResponse.m; sourceTree = "<group>"; };
		270B11F21628EA8C005A82FA /* HTTPFileResponse.h */ = {isa = PBXFileReference; fileEncoding = 4; lastKnownFileType = sourcecode.c.h; path = HTTPFileResponse.h; sourceTree = "<group>"; };
		270B11F31628EA8C005A82FA /* HTTPFileResponse.m */ = {isa = PBXFileReference; fileEncoding = 4; lastKnownFileType = sourcecode.c.objc; path = HTTPFileResponse.m; sourceTree = "<group>"; };
		270B11F41628EA8C005A82FA /* HTTPRedirectResponse.h */ = {isa = PBXFileReference; fileEncoding = 4; lastKnownFileType = sourcecode.c.h; path = HTTPRedirectResponse.h; sourceTree = "<group>"; };
		270B11F51628EA8C005A82FA /* HTTPRedirectResponse.m */ = {isa = PBXFileReference; fileEncoding = 4; lastKnownFileType = sourcecode.c.objc; path = HTTPRedirectResponse.m; sourceTree = "<group>"; };
		270B11F61628EA8C005A82FA /* WebSocket.h */ = {isa = PBXFileReference; fileEncoding = 4; lastKnownFileType = sourcecode.c.h; name = WebSocket.h; path = Core/WebSocket.h; sourceTree = "<group>"; };
		270B11F71628EA8C005A82FA /* WebSocket.m */ = {isa = PBXFileReference; fileEncoding = 4; lastKnownFileType = sourcecode.c.objc; name = WebSocket.m; path = Core/WebSocket.m; sourceTree = "<group>"; };
		270B126E1628EB33005A82FA /* CocoaAsyncSocket.xcodeproj */ = {isa = PBXFileReference; lastKnownFileType = "wrapper.pb-project"; name = CocoaAsyncSocket.xcodeproj; path = Frameworks/CocoaAsyncSocket/CocoaAsyncSocket.xcodeproj; sourceTree = "<group>"; };
		27698880162B6A3700E0D45E /* CocoaLumberjack.xcodeproj */ = {isa = PBXFileReference; lastKnownFileType = "wrapper.pb-project"; name = CocoaLumberjack.xcodeproj; path = Frameworks/CocoaAsyncSocket/Frameworks/CocoaLumberjack/CocoaLumberjack.xcodeproj; sourceTree = "<group>"; };
		27C38CB8162B97BC006E831C /* License-CocoaHTTPServer.txt */ = {isa = PBXFileReference; fileEncoding = 4; lastKnownFileType = text; path = "License-CocoaHTTPServer.txt"; sourceTree = "<group>"; };
		27C38CB9162B97BC006E831C /* License.txt */ = {isa = PBXFileReference; fileEncoding = 4; lastKnownFileType = text; path = License.txt; sourceTree = "<group>"; };
		27C38CBA162B97BC006E831C /* Version */ = {isa = PBXFileReference; fileEncoding = 4; lastKnownFileType = text; path = Version; sourceTree = "<group>"; };
		27D1C35A162E344100CA0018 /* MultipartFormDataParser.h */ = {isa = PBXFileReference; fileEncoding = 4; lastKnownFileType = sourcecode.c.h; path = MultipartFormDataParser.h; sourceTree = "<group>"; };
		27D1C35B162E344100CA0018 /* MultipartFormDataParser.m */ = {isa = PBXFileReference; fileEncoding = 4; lastKnownFileType = sourcecode.c.objc; path = MultipartFormDataParser.m; sourceTree = "<group>"; };
		27D1C35C162E344100CA0018 /* MultipartMessageHeader.h */ = {isa = PBXFileReference; fileEncoding = 4; lastKnownFileType = sourcecode.c.h; path = MultipartMessageHeader.h; sourceTree = "<group>"; };
		27D1C35D162E344100CA0018 /* MultipartMessageHeader.m */ = {isa = PBXFileReference; fileEncoding = 4; lastKnownFileType = sourcecode.c.objc; path = MultipartMessageHeader.m; sourceTree = "<group>"; };
		27D1C35E162E344100CA0018 /* MultipartMessageHeaderField.h */ = {isa = PBXFileReference; fileEncoding = 4; lastKnownFileType = sourcecode.c.h; path = MultipartMessageHeaderField.h; sourceTree = "<group>"; };
		27D1C35F162E344100CA0018 /* MultipartMessageHeaderField.m */ = {isa = PBXFileReference; fileEncoding = 4; lastKnownFileType = sourcecode.c.objc; path = MultipartMessageHeaderField.m; sourceTree = "<group>"; };
		27D481DE162E32FE003FA4D2 /* DAVConnection.h */ = {isa = PBXFileReference; fileEncoding = 4; lastKnownFileType = sourcecode.c.h; path = DAVConnection.h; sourceTree = "<group>"; };
		27D481DF162E32FE003FA4D2 /* DAVConnection.m */ = {isa = PBXFileReference; fileEncoding = 4; lastKnownFileType = sourcecode.c.objc; path = DAVConnection.m; sourceTree = "<group>"; };
		27D481E0162E32FE003FA4D2 /* DAVResponse.h */ = {isa = PBXFileReference; fileEncoding = 4; lastKnownFileType = sourcecode.c.h; path = DAVResponse.h; sourceTree = "<group>"; };
		27D481E1162E32FE003FA4D2 /* DAVResponse.m */ = {isa = PBXFileReference; fileEncoding = 4; lastKnownFileType = sourcecode.c.objc; path = DAVResponse.m; sourceTree = "<group>"; };
		27D481E2162E32FE003FA4D2 /* DELETEResponse.h */ = {isa = PBXFileReference; fileEncoding = 4; lastKnownFileType = sourcecode.c.h; path = DELETEResponse.h; sourceTree = "<group>"; };
		27D481E3162E32FE003FA4D2 /* DELETEResponse.m */ = {isa = PBXFileReference; fileEncoding = 4; lastKnownFileType = sourcecode.c.objc; path = DELETEResponse.m; sourceTree = "<group>"; };
		27D481E4162E32FE003FA4D2 /* PUTResponse.h */ = {isa = PBXFileReference; fileEncoding = 4; lastKnownFileType = sourcecode.c.h; path = PUTResponse.h; sourceTree = "<group>"; };
		27D481E5162E32FE003FA4D2 /* PUTResponse.m */ = {isa = PBXFileReference; fileEncoding = 4; lastKnownFileType = sourcecode.c.objc; path = PUTResponse.m; sourceTree = "<group>"; };
		D5FE353F163AF4240090BB94 /* CocoaHTTPServerIOSTests.octest */ = {isa = PBXFileReference; explicitFileType = wrapper.cfbundle; includeInIndex = 0; path = CocoaHTTPServerIOSTests.octest; sourceTree = BUILT_PRODUCTS_DIR; };
		D5FE3557163AF4370090BB94 /* CocoaHTTPServerOSXTests.octest */ = {isa = PBXFileReference; explicitFileType = wrapper.cfbundle; includeInIndex = 0; path = CocoaHTTPServerOSXTests.octest; sourceTree = BUILT_PRODUCTS_DIR; };
		D5FE357C163AF4870090BB94 /* CocoaHTTPServerTests.h */ = {isa = PBXFileReference; fileEncoding = 4; lastKnownFileType = sourcecode.c.h; path = CocoaHTTPServerTests.h; sourceTree = "<group>"; };
		D5FE357D163AF4870090BB94 /* CocoaHTTPServerTests.m */ = {isa = PBXFileReference; fileEncoding = 4; lastKnownFileType = sourcecode.c.objc; path = CocoaHTTPServerTests.m; sourceTree = "<group>"; };
		D5FE35A6163AF5A50090BB94 /* CFNetwork.framework */ = {isa = PBXFileReference; lastKnownFileType = wrapper.framework; name = CFNetwork.framework; path = System/Library/Frameworks/CFNetwork.framework; sourceTree = SDKROOT; };
		D5FE35A9163AF5B20090BB94 /* SenTestingKit.framework */ = {isa = PBXFileReference; lastKnownFileType = wrapper.framework; name = SenTestingKit.framework; path = Library/Frameworks/SenTestingKit.framework; sourceTree = DEVELOPER_DIR; };
		D5FE35AC163AF5BE0090BB94 /* Security.framework */ = {isa = PBXFileReference; lastKnownFileType = wrapper.framework; name = Security.framework; path = System/Library/Frameworks/Security.framework; sourceTree = SDKROOT; };
		D5FE35B2163AF60A0090BB94 /* CFNetwork.framework */ = {isa = PBXFileReference; lastKnownFileType = wrapper.framework; name = CFNetwork.framework; path = Platforms/MacOSX.platform/Developer/SDKs/MacOSX10.8.sdk/System/Library/Frameworks/CFNetwork.framework; sourceTree = DEVELOPER_DIR; };
		D5FE35B4163AF6110090BB94 /* libxml2.dylib */ = {isa = PBXFileReference; lastKnownFileType = "compiled.mach-o.dylib"; name = libxml2.dylib; path = Platforms/MacOSX.platform/Developer/SDKs/MacOSX10.8.sdk/usr/lib/libxml2.dylib; sourceTree = DEVELOPER_DIR; };
		D5FE3682163AFCF70090BB94 /* UIKit.framework */ = {isa = PBXFileReference; lastKnownFileType = wrapper.framework; name = UIKit.framework; path = System/Library/Frameworks/UIKit.framework; sourceTree = SDKROOT; };
		D5FE3684163AFCFC0090BB94 /* CoreGraphics.framework */ = {isa = PBXFileReference; lastKnownFileType = wrapper.framework; name = CoreGraphics.framework; path = System/Library/Frameworks/CoreGraphics.framework; sourceTree = SDKROOT; };
		D5FE3686163AFD020090BB94 /* libxml2.dylib */ = {isa = PBXFileReference; lastKnownFileType = "compiled.mach-o.dylib"; name = libxml2.dylib; path = usr/lib/libxml2.dylib; sourceTree = SDKROOT; };
/* End PBXFileReference section */

/* Begin PBXFrameworksBuildPhase section */
		270B118D1628E5A8005A82FA /* Frameworks */ = {
			isa = PBXFrameworksBuildPhase;
			buildActionMask = 2147483647;
			files = (
				D5FE35BF163AF6A30090BB94 /* libCocoaAsyncSocket.a in Frameworks */,
			);
			runOnlyForDeploymentPostprocessing = 0;
		};
		270B11AE1628E676005A82FA /* Frameworks */ = {
			isa = PBXFrameworksBuildPhase;
			buildActionMask = 2147483647;
			files = (
				2769888A162B6A4000E0D45E /* CocoaLumberjack.framework in Frameworks */,
				2769887F162B6A1500E0D45E /* CocoaAsyncSocket.framework in Frameworks */,
				D5FE35B3163AF60A0090BB94 /* CFNetwork.framework in Frameworks */,
				D5FE35B5163AF6110090BB94 /* libxml2.dylib in Frameworks */,
			);
			runOnlyForDeploymentPostprocessing = 0;
		};
		D5FE353B163AF4240090BB94 /* Frameworks */ = {
			isa = PBXFrameworksBuildPhase;
			buildActionMask = 2147483647;
			files = (
				D5FE3687163AFD020090BB94 /* libxml2.dylib in Frameworks */,
				D5FE3685163AFCFC0090BB94 /* CoreGraphics.framework in Frameworks */,
				D5FE3683163AFCF70090BB94 /* UIKit.framework in Frameworks */,
				D5FE35AF163AF5EC0090BB94 /* SenTestingKit.framework in Frameworks */,
				D5FE35A2163AF5630090BB94 /* libCocoaHTTPServer.a in Frameworks */,
				D5FE35BE163AF6910090BB94 /* CFNetwork.framework in Frameworks */,
				D5FE35BD163AF68C0090BB94 /* Security.framework in Frameworks */,
			);
			runOnlyForDeploymentPostprocessing = 0;
		};
		D5FE3553163AF4370090BB94 /* Frameworks */ = {
			isa = PBXFrameworksBuildPhase;
			buildActionMask = 2147483647;
			files = (
				D5FE35E5163AF78D0090BB94 /* SenTestingKit.framework in Frameworks */,
				D5FE35B9163AF6450090BB94 /* CocoaHTTPServer.framework in Frameworks */,
			);
			runOnlyForDeploymentPostprocessing = 0;
		};
/* End PBXFrameworksBuildPhase section */

/* Begin PBXGroup section */
		270B11851628E5A8005A82FA = {
			isa = PBXGroup;
			children = (
				270B11CF1628EA8C005A82FA /* CocoaHTTPServer */,
				D5FE357B163AF4870090BB94 /* CocoaHTTPServerTests */,
				270B12581628EAD1005A82FA /* Resources */,
				270B11921628E5A8005A82FA /* Frameworks */,
				270B11911628E5A8005A82FA /* Products */,
			);
			sourceTree = "<group>";
		};
		270B11911628E5A8005A82FA /* Products */ = {
			isa = PBXGroup;
			children = (
				270B11901628E5A8005A82FA /* libCocoaHTTPServer.a */,
				270B11B21628E676005A82FA /* CocoaHTTPServer.framework */,
				D5FE353F163AF4240090BB94 /* CocoaHTTPServerIOSTests.octest */,
				D5FE3557163AF4370090BB94 /* CocoaHTTPServerOSXTests.octest */,
			);
			name = Products;
			sourceTree = "<group>";
		};
		270B11921628E5A8005A82FA /* Frameworks */ = {
			isa = PBXGroup;
			children = (
				D5FE35BC163AF6710090BB94 /* OSX */,
				D5FE35AE163AF5CA0090BB94 /* iOS-Testing */,
				D5FE35A3163AF5850090BB94 /* Shared */,
				D5FE35E4163AF77E0090BB94 /* Shared-Testing */,
			);
			name = Frameworks;
			sourceTree = "<group>";
		};
		270B11CF1628EA8C005A82FA /* CocoaHTTPServer */ = {
			isa = PBXGroup;
			children = (
				270B11D31628EA8C005A82FA /* Categories */,
				27D481DD162E32FE003FA4D2 /* WebDAV */,
				27D1C359162E344100CA0018 /* Mime */,
				270B11DA1628EA8C005A82FA /* HTTPAuthenticationRequest.h */,
				270B11DB1628EA8C005A82FA /* HTTPAuthenticationRequest.m */,
				270B11DC1628EA8C005A82FA /* HTTPConnection.h */,
				270B11DD1628EA8C005A82FA /* HTTPConnection.m */,
				270B11DE1628EA8C005A82FA /* HTTPLogging.h */,
				270B11DF1628EA8C005A82FA /* HTTPMessage.h */,
				270B11E01628EA8C005A82FA /* HTTPMessage.m */,
				270B11E11628EA8C005A82FA /* HTTPResponse.h */,
				270B11E21628EA8C005A82FA /* HTTPServer.h */,
				270B11E31628EA8C005A82FA /* HTTPServer.m */,
				270B11EB1628EA8C005A82FA /* Responses */,
				270B11F61628EA8C005A82FA /* WebSocket.h */,
				270B11F71628EA8C005A82FA /* WebSocket.m */,
			);
			name = CocoaHTTPServer;
			path = Frameworks/CocoaHTTPServer;
			sourceTree = "<group>";
		};
		270B11D31628EA8C005A82FA /* Categories */ = {
			isa = PBXGroup;
			children = (
				270B11D41628EA8C005A82FA /* DDData.h */,
				270B11D51628EA8C005A82FA /* DDData.m */,
				270B11D61628EA8C005A82FA /* DDNumber.h */,
				270B11D71628EA8C005A82FA /* DDNumber.m */,
				270B11D81628EA8C005A82FA /* DDRange.h */,
				270B11D91628EA8C005A82FA /* DDRange.m */,
			);
			name = Categories;
			path = Core/Categories;
			sourceTree = "<group>";
		};
		270B11EB1628EA8C005A82FA /* Responses */ = {
			isa = PBXGroup;
			children = (
				270B11EC1628EA8C005A82FA /* HTTPAsyncFileResponse.h */,
				270B11ED1628EA8C005A82FA /* HTTPAsyncFileResponse.m */,
				270B11EE1628EA8C005A82FA /* HTTPDataResponse.h */,
				270B11EF1628EA8C005A82FA /* HTTPDataResponse.m */,
				270B11F01628EA8C005A82FA /* HTTPDynamicFileResponse.h */,
				270B11F11628EA8C005A82FA /* HTTPDynamicFileResponse.m */,
				270B11F21628EA8C005A82FA /* HTTPFileResponse.h */,
				270B11F31628EA8C005A82FA /* HTTPFileResponse.m */,
				270B11F41628EA8C005A82FA /* HTTPRedirectResponse.h */,
				270B11F51628EA8C005A82FA /* HTTPRedirectResponse.m */,
			);
			name = Responses;
			path = Core/Responses;
			sourceTree = "<group>";
		};
		270B12581628EAD1005A82FA /* Resources */ = {
			isa = PBXGroup;
			children = (
				27C38CB8162B97BC006E831C /* License-CocoaHTTPServer.txt */,
				27C38CB9162B97BC006E831C /* License.txt */,
				27C38CBA162B97BC006E831C /* Version */,
			);
			name = Resources;
			sourceTree = "<group>";
		};
		270B126F1628EB33005A82FA /* Products */ = {
			isa = PBXGroup;
			children = (
				270B127C1628EB33005A82FA /* libCocoaAsyncSocket.a */,
				270B127E1628EB33005A82FA /* CocoaAsyncSocket.framework */,
				D5FE3531163AF4000090BB94 /* CocoaAsyncSocketIOSTests.octest */,
				D5FE3533163AF4000090BB94 /* CocoaAsyncSocketOSXTests.octest */,
			);
			name = Products;
			sourceTree = "<group>";
		};
		27698881162B6A3700E0D45E /* Products */ = {
			isa = PBXGroup;
			children = (
				27698887162B6A3700E0D45E /* libCocoaLumberjack.a */,
				27698889162B6A3700E0D45E /* CocoaLumberjack.framework */,
				D5291E7E1639D9C10017DB63 /* CocoaLumberjackIOSTests.octest */,
				D5291E801639D9C10017DB63 /* CocoaLumberjackOSXTests.octest */,
			);
			name = Products;
			sourceTree = "<group>";
		};
		27D1C359162E344100CA0018 /* Mime */ = {
			isa = PBXGroup;
			children = (
				27D1C35A162E344100CA0018 /* MultipartFormDataParser.h */,
				27D1C35B162E344100CA0018 /* MultipartFormDataParser.m */,
				27D1C35C162E344100CA0018 /* MultipartMessageHeader.h */,
				27D1C35D162E344100CA0018 /* MultipartMessageHeader.m */,
				27D1C35E162E344100CA0018 /* MultipartMessageHeaderField.h */,
				27D1C35F162E344100CA0018 /* MultipartMessageHeaderField.m */,
			);
			name = Mime;
			path = Core/Mime;
			sourceTree = "<group>";
		};
		27D481DD162E32FE003FA4D2 /* WebDAV */ = {
			isa = PBXGroup;
			children = (
				27D481DE162E32FE003FA4D2 /* DAVConnection.h */,
				27D481DF162E32FE003FA4D2 /* DAVConnection.m */,
				27D481E0162E32FE003FA4D2 /* DAVResponse.h */,
				27D481E1162E32FE003FA4D2 /* DAVResponse.m */,
				27D481E2162E32FE003FA4D2 /* DELETEResponse.h */,
				27D481E3162E32FE003FA4D2 /* DELETEResponse.m */,
				27D481E4162E32FE003FA4D2 /* PUTResponse.h */,
				27D481E5162E32FE003FA4D2 /* PUTResponse.m */,
			);
			name = WebDAV;
			path = Extensions/WebDAV;
			sourceTree = "<group>";
		};
		D5FE357B163AF4870090BB94 /* CocoaHTTPServerTests */ = {
			isa = PBXGroup;
			children = (
				D5FE357C163AF4870090BB94 /* CocoaHTTPServerTests.h */,
				D5FE357D163AF4870090BB94 /* CocoaHTTPServerTests.m */,
			);
			path = CocoaHTTPServerTests;
			sourceTree = "<group>";
		};
		D5FE35A3163AF5850090BB94 /* Shared */ = {
			isa = PBXGroup;
			children = (
				270B126E1628EB33005A82FA /* CocoaAsyncSocket.xcodeproj */,
				27698880162B6A3700E0D45E /* CocoaLumberjack.xcodeproj */,
			);
			name = Shared;
			sourceTree = "<group>";
		};
		D5FE35AE163AF5CA0090BB94 /* iOS-Testing */ = {
			isa = PBXGroup;
			children = (
				D5FE3686163AFD020090BB94 /* libxml2.dylib */,
				D5FE3684163AFCFC0090BB94 /* CoreGraphics.framework */,
				D5FE3682163AFCF70090BB94 /* UIKit.framework */,
				D5FE35A6163AF5A50090BB94 /* CFNetwork.framework */,
				D5FE35AC163AF5BE0090BB94 /* Security.framework */,
			);
			name = "iOS-Testing";
			sourceTree = "<group>";
		};
		D5FE35BC163AF6710090BB94 /* OSX */ = {
			isa = PBXGroup;
			children = (
				D5FE35B2163AF60A0090BB94 /* CFNetwork.framework */,
				D5FE35B4163AF6110090BB94 /* libxml2.dylib */,
			);
			name = OSX;
			sourceTree = "<group>";
		};
		D5FE35E4163AF77E0090BB94 /* Shared-Testing */ = {
			isa = PBXGroup;
			children = (
				D5FE35A9163AF5B20090BB94 /* SenTestingKit.framework */,
			);
			name = "Shared-Testing";
			sourceTree = "<group>";
		};
/* End PBXGroup section */

/* Begin PBXHeadersBuildPhase section */
		270B11AF1628E676005A82FA /* Headers */ = {
			isa = PBXHeadersBuildPhase;
			buildActionMask = 2147483647;
			files = (
				270B12051628EA8C005A82FA /* DDData.h in Headers */,
				270B12091628EA8C005A82FA /* DDNumber.h in Headers */,
				270B120D1628EA8C005A82FA /* DDRange.h in Headers */,
				270B12111628EA8C005A82FA /* HTTPAuthenticationRequest.h in Headers */,
				270B12151628EA8C005A82FA /* HTTPConnection.h in Headers */,
				270B12191628EA8C005A82FA /* HTTPLogging.h in Headers */,
				270B121B1628EA8C005A82FA /* HTTPMessage.h in Headers */,
				270B121F1628EA8C005A82FA /* HTTPResponse.h in Headers */,
				270B12211628EA8C005A82FA /* HTTPServer.h in Headers */,
				270B12311628EA8C005A82FA /* HTTPAsyncFileResponse.h in Headers */,
				270B12351628EA8C005A82FA /* HTTPDataResponse.h in Headers */,
				270B12391628EA8C005A82FA /* HTTPDynamicFileResponse.h in Headers */,
				270B123D1628EA8C005A82FA /* HTTPFileResponse.h in Headers */,
				270B12411628EA8C005A82FA /* HTTPRedirectResponse.h in Headers */,
				270B12451628EA8C005A82FA /* WebSocket.h in Headers */,
				27D481E7162E32FE003FA4D2 /* DAVConnection.h in Headers */,
				27D481EB162E32FE003FA4D2 /* DAVResponse.h in Headers */,
				27D481EF162E32FE003FA4D2 /* DELETEResponse.h in Headers */,
				27D481F3162E32FE003FA4D2 /* PUTResponse.h in Headers */,
				27D1C361162E344100CA0018 /* MultipartFormDataParser.h in Headers */,
				27D1C365162E344100CA0018 /* MultipartMessageHeader.h in Headers */,
				27D1C369162E344100CA0018 /* MultipartMessageHeaderField.h in Headers */,
			);
			runOnlyForDeploymentPostprocessing = 0;
		};
		270B11CD1628E9D6005A82FA /* Headers */ = {
			isa = PBXHeadersBuildPhase;
			buildActionMask = 2147483647;
			files = (
				270B12041628EA8C005A82FA /* DDData.h in Headers */,
				270B12081628EA8C005A82FA /* DDNumber.h in Headers */,
				270B120C1628EA8C005A82FA /* DDRange.h in Headers */,
				270B12101628EA8C005A82FA /* HTTPAuthenticationRequest.h in Headers */,
				270B12141628EA8C005A82FA /* HTTPConnection.h in Headers */,
				270B12181628EA8C005A82FA /* HTTPLogging.h in Headers */,
				270B121A1628EA8C005A82FA /* HTTPMessage.h in Headers */,
				270B121E1628EA8C005A82FA /* HTTPResponse.h in Headers */,
				270B12201628EA8C005A82FA /* HTTPServer.h in Headers */,
				270B12301628EA8C005A82FA /* HTTPAsyncFileResponse.h in Headers */,
				270B12341628EA8C005A82FA /* HTTPDataResponse.h in Headers */,
				270B12381628EA8C005A82FA /* HTTPDynamicFileResponse.h in Headers */,
				270B123C1628EA8C005A82FA /* HTTPFileResponse.h in Headers */,
				270B12401628EA8C005A82FA /* HTTPRedirectResponse.h in Headers */,
				270B12441628EA8C005A82FA /* WebSocket.h in Headers */,
				27D481E6162E32FE003FA4D2 /* DAVConnection.h in Headers */,
				27D481EA162E32FE003FA4D2 /* DAVResponse.h in Headers */,
				27D481EE162E32FE003FA4D2 /* DELETEResponse.h in Headers */,
				27D481F2162E32FE003FA4D2 /* PUTResponse.h in Headers */,
				27D1C360162E344100CA0018 /* MultipartFormDataParser.h in Headers */,
				27D1C364162E344100CA0018 /* MultipartMessageHeader.h in Headers */,
				27D1C368162E344100CA0018 /* MultipartMessageHeaderField.h in Headers */,
			);
			runOnlyForDeploymentPostprocessing = 0;
		};
/* End PBXHeadersBuildPhase section */

/* Begin PBXNativeTarget section */
		270B118F1628E5A8005A82FA /* CocoaHTTPServerStaticIOS */ = {
			isa = PBXNativeTarget;
			buildConfigurationList = 270B119E1628E5A8005A82FA /* Build configuration list for PBXNativeTarget "CocoaHTTPServerStaticIOS" */;
			buildPhases = (
				270B118C1628E5A8005A82FA /* Sources */,
				270B118D1628E5A8005A82FA /* Frameworks */,
				270B11CD1628E9D6005A82FA /* Headers */,
				270B118E1628E5A8005A82FA /* CopyFiles */,
				270B11CE1628E9DB005A82FA /* Prepare Framework */,
			);
			buildRules = (
			);
			dependencies = (
				270B12811628EB39005A82FA /* PBXTargetDependency */,
			);
			name = CocoaHTTPServerStaticIOS;
			productName = CocoaHTTPServer;
			productReference = 270B11901628E5A8005A82FA /* libCocoaHTTPServer.a */;
			productType = "com.apple.product-type.library.static";
		};
		270B11B11628E676005A82FA /* CocoaHTTPServerOSX */ = {
			isa = PBXNativeTarget;
			buildConfigurationList = 270B11C31628E676005A82FA /* Build configuration list for PBXNativeTarget "CocoaHTTPServerOSX" */;
			buildPhases = (
				270B11AD1628E676005A82FA /* Sources */,
				270B11AE1628E676005A82FA /* Frameworks */,
				270B11AF1628E676005A82FA /* Headers */,
				270B11B01628E676005A82FA /* Resources */,
			);
			buildRules = (
			);
			dependencies = (
				270B12831628EB3E005A82FA /* PBXTargetDependency */,
			);
			name = CocoaHTTPServerOSX;
			productName = CocoaHTTPServerOSX;
			productReference = 270B11B21628E676005A82FA /* CocoaHTTPServer.framework */;
			productType = "com.apple.product-type.framework";
		};
		D5FE353E163AF4240090BB94 /* CocoaHTTPServerIOSTests */ = {
			isa = PBXNativeTarget;
			buildConfigurationList = D5FE354F163AF4240090BB94 /* Build configuration list for PBXNativeTarget "CocoaHTTPServerIOSTests" */;
			buildPhases = (
				D5FE353A163AF4240090BB94 /* Sources */,
				D5FE353B163AF4240090BB94 /* Frameworks */,
				D5FE353C163AF4240090BB94 /* Resources */,
				D5FE353D163AF4240090BB94 /* ShellScript */,
			);
			buildRules = (
			);
			dependencies = (
				D5FE359F163AF5380090BB94 /* PBXTargetDependency */,
			);
			name = CocoaHTTPServerIOSTests;
			productName = CocoaHTTPServerIOSTests;
			productReference = D5FE353F163AF4240090BB94 /* CocoaHTTPServerIOSTests.octest */;
			productType = "com.apple.product-type.bundle";
		};
		D5FE3556163AF4370090BB94 /* CocoaHTTPServerOSXTests */ = {
			isa = PBXNativeTarget;
			buildConfigurationList = D5FE3564163AF4370090BB94 /* Build configuration list for PBXNativeTarget "CocoaHTTPServerOSXTests" */;
			buildPhases = (
				D5FE3552163AF4370090BB94 /* Sources */,
				D5FE3553163AF4370090BB94 /* Frameworks */,
				D5FE3554163AF4370090BB94 /* Resources */,
				D5FE3555163AF4370090BB94 /* ShellScript */,
			);
			buildRules = (
			);
			dependencies = (
				D5FE35A1163AF53C0090BB94 /* PBXTargetDependency */,
			);
			name = CocoaHTTPServerOSXTests;
			productName = CocoaHTTPServerOSXTests;
			productReference = D5FE3557163AF4370090BB94 /* CocoaHTTPServerOSXTests.octest */;
			productType = "com.apple.product-type.bundle";
		};
/* End PBXNativeTarget section */

/* Begin PBXProject section */
		270B11871628E5A8005A82FA /* Project object */ = {
			isa = PBXProject;
			attributes = {
				LastUpgradeCheck = 0460;
				ORGANIZATIONNAME = "ASE Group";
			};
			buildConfigurationList = 270B118A1628E5A8005A82FA /* Build configuration list for PBXProject "CocoaHTTPServer" */;
			compatibilityVersion = "Xcode 3.2";
			developmentRegion = English;
			hasScannedForEncodings = 0;
			knownRegions = (
				en,
			);
			mainGroup = 270B11851628E5A8005A82FA;
			productRefGroup = 270B11911628E5A8005A82FA /* Products */;
			projectDirPath = "";
			projectReferences = (
				{
					ProductGroup = 270B126F1628EB33005A82FA /* Products */;
					ProjectRef = 270B126E1628EB33005A82FA /* CocoaAsyncSocket.xcodeproj */;
				},
				{
					ProductGroup = 27698881162B6A3700E0D45E /* Products */;
					ProjectRef = 27698880162B6A3700E0D45E /* CocoaLumberjack.xcodeproj */;
				},
			);
			projectRoot = "";
			targets = (
				270B118F1628E5A8005A82FA /* CocoaHTTPServerStaticIOS */,
				270B11A91628E667005A82FA /* CocoaHTTPServerIOS */,
				270B11B11628E676005A82FA /* CocoaHTTPServerOSX */,
				D5FE353E163AF4240090BB94 /* CocoaHTTPServerIOSTests */,
				D5FE3556163AF4370090BB94 /* CocoaHTTPServerOSXTests */,
			);
		};
/* End PBXProject section */

/* Begin PBXReferenceProxy section */
		270B127C1628EB33005A82FA /* libCocoaAsyncSocket.a */ = {
			isa = PBXReferenceProxy;
			fileType = archive.ar;
			path = libCocoaAsyncSocket.a;
			remoteRef = 270B127B1628EB33005A82FA /* PBXContainerItemProxy */;
			sourceTree = BUILT_PRODUCTS_DIR;
		};
		270B127E1628EB33005A82FA /* CocoaAsyncSocket.framework */ = {
			isa = PBXReferenceProxy;
			fileType = wrapper.framework;
			path = CocoaAsyncSocket.framework;
			remoteRef = 270B127D1628EB33005A82FA /* PBXContainerItemProxy */;
			sourceTree = BUILT_PRODUCTS_DIR;
		};
		27698887162B6A3700E0D45E /* libCocoaLumberjack.a */ = {
			isa = PBXReferenceProxy;
			fileType = archive.ar;
			path = libCocoaLumberjack.a;
			remoteRef = 27698886162B6A3700E0D45E /* PBXContainerItemProxy */;
			sourceTree = BUILT_PRODUCTS_DIR;
		};
		27698889162B6A3700E0D45E /* CocoaLumberjack.framework */ = {
			isa = PBXReferenceProxy;
			fileType = wrapper.framework;
			path = CocoaLumberjack.framework;
			remoteRef = 27698888162B6A3700E0D45E /* PBXContainerItemProxy */;
			sourceTree = BUILT_PRODUCTS_DIR;
		};
		D5291E7E1639D9C10017DB63 /* CocoaLumberjackIOSTests.octest */ = {
			isa = PBXReferenceProxy;
			fileType = wrapper.cfbundle;
			path = CocoaLumberjackIOSTests.octest;
			remoteRef = D5291E7D1639D9C10017DB63 /* PBXContainerItemProxy */;
			sourceTree = BUILT_PRODUCTS_DIR;
		};
		D5291E801639D9C10017DB63 /* CocoaLumberjackOSXTests.octest */ = {
			isa = PBXReferenceProxy;
			fileType = wrapper.cfbundle;
			path = CocoaLumberjackOSXTests.octest;
			remoteRef = D5291E7F1639D9C10017DB63 /* PBXContainerItemProxy */;
			sourceTree = BUILT_PRODUCTS_DIR;
		};
		D5FE3531163AF4000090BB94 /* CocoaAsyncSocketIOSTests.octest */ = {
			isa = PBXReferenceProxy;
			fileType = wrapper.cfbundle;
			path = CocoaAsyncSocketIOSTests.octest;
			remoteRef = D5FE3530163AF4000090BB94 /* PBXContainerItemProxy */;
			sourceTree = BUILT_PRODUCTS_DIR;
		};
		D5FE3533163AF4000090BB94 /* CocoaAsyncSocketOSXTests.octest */ = {
			isa = PBXReferenceProxy;
			fileType = wrapper.cfbundle;
			path = CocoaAsyncSocketOSXTests.octest;
			remoteRef = D5FE3532163AF4000090BB94 /* PBXContainerItemProxy */;
			sourceTree = BUILT_PRODUCTS_DIR;
		};
/* End PBXReferenceProxy section */

/* Begin PBXResourcesBuildPhase section */
		270B11B01628E676005A82FA /* Resources */ = {
			isa = PBXResourcesBuildPhase;
			buildActionMask = 2147483647;
			files = (
				27C38CBB162B97BC006E831C /* License-CocoaHTTPServer.txt in Resources */,
				27C38CBC162B97BC006E831C /* License.txt in Resources */,
				27C38CBD162B97BC006E831C /* Version in Resources */,
			);
			runOnlyForDeploymentPostprocessing = 0;
		};
		D5FE353C163AF4240090BB94 /* Resources */ = {
			isa = PBXResourcesBuildPhase;
			buildActionMask = 2147483647;
			files = (
			);
			runOnlyForDeploymentPostprocessing = 0;
		};
		D5FE3554163AF4370090BB94 /* Resources */ = {
			isa = PBXResourcesBuildPhase;
			buildActionMask = 2147483647;
			files = (
			);
			runOnlyForDeploymentPostprocessing = 0;
		};
/* End PBXResourcesBuildPhase section */

/* Begin PBXShellScriptBuildPhase section */
		270B11CC1628E9B0005A82FA /* Build Framework */ = {
			isa = PBXShellScriptBuildPhase;
			buildActionMask = 2147483647;
			files = (
			);
			inputPaths = (
			);
			name = "Build Framework";
			outputPaths = (
			);
			runOnlyForDeploymentPostprocessing = 0;
			shellPath = /bin/sh;
			shellScript = "set -e\nset +u\n# Avoid recursively calling this script.\nif [[ $SF_MASTER_SCRIPT_RUNNING ]]\nthen\nexit 0\nfi\nset -u\nexport SF_MASTER_SCRIPT_RUNNING=1\n\nSF_TARGET_NAME=${PROJECT_NAME}\nSF_EXECUTABLE_PATH=\"lib${SF_TARGET_NAME}.a\"\nSF_WRAPPER_NAME=\"${SF_TARGET_NAME}.framework\"\n\n# The following conditionals come from\n# https://github.com/kstenerud/iOS-Universal-Framework\n\nif [[ \"$SDK_NAME\" =~ ([A-Za-z]+) ]]\nthen\nSF_SDK_PLATFORM=${BASH_REMATCH[1]}\nelse\necho \"Could not find platform name from SDK_NAME: $SDK_NAME\"\nexit 1\nfi\n\nif [[ \"$SDK_NAME\" =~ ([0-9]+.*$) ]]\nthen\nSF_SDK_VERSION=${BASH_REMATCH[1]}\nelse\necho \"Could not find sdk version from SDK_NAME: $SDK_NAME\"\nexit 1\nfi\n\nif [[ \"$SF_SDK_PLATFORM\" = \"iphoneos\" ]]\nthen\nSF_OTHER_PLATFORM=iphonesimulator\nelse\nSF_OTHER_PLATFORM=iphoneos\nfi\n\nif [[ \"$BUILT_PRODUCTS_DIR\" =~ (.*)$SF_SDK_PLATFORM$ ]]\nthen\nSF_OTHER_BUILT_PRODUCTS_DIR=\"${BASH_REMATCH[1]}${SF_OTHER_PLATFORM}\"\nelse\necho \"Could not find platform name from build products directory: $BUILT_PRODUCTS_DIR\"\nexit 1\nfi\n\n# Build the other platform.\nxcodebuild -project \"${PROJECT_FILE_PATH}\" -target \"${TARGET_NAME}\" -configuration \"${CONFIGURATION}\" -sdk ${SF_OTHER_PLATFORM}${SF_SDK_VERSION} BUILD_DIR=\"${BUILD_DIR}\" OBJROOT=\"${OBJROOT}\" BUILD_ROOT=\"${BUILD_ROOT}\" SYMROOT=\"${SYMROOT}\" $ACTION\n\n# Smash the two static libraries into one fat binary and store it in the .framework\nlipo -create \"${BUILT_PRODUCTS_DIR}/${SF_EXECUTABLE_PATH}\" \"${SF_OTHER_BUILT_PRODUCTS_DIR}/${SF_EXECUTABLE_PATH}\" -output \"${BUILT_PRODUCTS_DIR}/${SF_WRAPPER_NAME}/Versions/${FRAMEWORK_VERSION}/${SF_TARGET_NAME}\"\n\n# Copy the binary to the other architecture folder to have a complete framework in both.\ncp -a \"${BUILT_PRODUCTS_DIR}/${SF_WRAPPER_NAME}/Versions/${FRAMEWORK_VERSION}/${SF_TARGET_NAME}\" \"${SF_OTHER_BUILT_PRODUCTS_DIR}/${SF_WRAPPER_NAME}/Versions/${FRAMEWORK_VERSION}/${SF_TARGET_NAME}\"\n";
		};
		270B11CE1628E9DB005A82FA /* Prepare Framework */ = {
			isa = PBXShellScriptBuildPhase;
			buildActionMask = 2147483647;
			files = (
			);
			inputPaths = (
			);
			name = "Prepare Framework";
			outputPaths = (
			);
			runOnlyForDeploymentPostprocessing = 0;
			shellPath = /bin/sh;
			shellScript = "set -e\n\nmkdir -p \"${BUILT_PRODUCTS_DIR}/${PRODUCT_NAME}.framework/Versions/${FRAMEWORK_VERSION}/Headers\"\nmkdir -p \"${BUILT_PRODUCTS_DIR}/${PRODUCT_NAME}.framework/Versions/${FRAMEWORK_VERSION}/Resources\"\n\n# Link the \"Current\" version to \"${FRAMEWORK_VERSION}\"\n/bin/ln -sfh \"${FRAMEWORK_VERSION}\" \"${BUILT_PRODUCTS_DIR}/${PRODUCT_NAME}.framework/Versions/Current\"\n/bin/ln -sfh Versions/Current/Headers \"${BUILT_PRODUCTS_DIR}/${PRODUCT_NAME}.framework/Headers\"\n/bin/ln -sfh Versions/Current/Resources \"${BUILT_PRODUCTS_DIR}/${PRODUCT_NAME}.framework/Resources\"\n/bin/ln -sfh \"Versions/Current/${PRODUCT_NAME}\" \"${BUILT_PRODUCTS_DIR}/${PRODUCT_NAME}.framework/${PRODUCT_NAME}\"\n\n# The -a ensures that the headers maintain the source modification date so that we don't constantly\n# cause propagating rebuilds of files that import these headers.\n/bin/cp -a \"${TARGET_BUILD_DIR}/${PUBLIC_HEADERS_FOLDER_PATH}/\" \"${BUILT_PRODUCTS_DIR}/${PRODUCT_NAME}.framework/Versions/${FRAMEWORK_VERSION}/Headers\"\n\n/bin/cp -a \"${BUILT_PRODUCTS_DIR}/${PROJECT_NAME}Resources/\" \"${BUILT_PRODUCTS_DIR}/${PRODUCT_NAME}.framework/Versions/${FRAMEWORK_VERSION}/Resources\"\n";
		};
		D5FE353D163AF4240090BB94 /* ShellScript */ = {
			isa = PBXShellScriptBuildPhase;
			buildActionMask = 2147483647;
			files = (
			);
			inputPaths = (
			);
			outputPaths = (
			);
			runOnlyForDeploymentPostprocessing = 0;
			shellPath = /bin/sh;
			shellScript = "# Run the unit tests in this test bundle.\n\"${SYSTEM_DEVELOPER_DIR}/Tools/RunUnitTests\"\n";
		};
		D5FE3555163AF4370090BB94 /* ShellScript */ = {
			isa = PBXShellScriptBuildPhase;
			buildActionMask = 2147483647;
			files = (
			);
			inputPaths = (
			);
			outputPaths = (
			);
			runOnlyForDeploymentPostprocessing = 0;
			shellPath = /bin/sh;
			shellScript = "# Run the unit tests in this test bundle.\n\"${SYSTEM_DEVELOPER_DIR}/Tools/RunUnitTests\"\n";
		};
/* End PBXShellScriptBuildPhase section */

/* Begin PBXSourcesBuildPhase section */
		270B118C1628E5A8005A82FA /* Sources */ = {
			isa = PBXSourcesBuildPhase;
			buildActionMask = 2147483647;
			files = (
				270B12061628EA8C005A82FA /* DDData.m in Sources */,
				270B120A1628EA8C005A82FA /* DDNumber.m in Sources */,
				270B120E1628EA8C005A82FA /* DDRange.m in Sources */,
				270B12121628EA8C005A82FA /* HTTPAuthenticationRequest.m in Sources */,
				270B12161628EA8C005A82FA /* HTTPConnection.m in Sources */,
				270B121C1628EA8C005A82FA /* HTTPMessage.m in Sources */,
				270B12221628EA8C005A82FA /* HTTPServer.m in Sources */,
				270B12321628EA8C005A82FA /* HTTPAsyncFileResponse.m in Sources */,
				270B12361628EA8C005A82FA /* HTTPDataResponse.m in Sources */,
				270B123A1628EA8C005A82FA /* HTTPDynamicFileResponse.m in Sources */,
				270B123E1628EA8C005A82FA /* HTTPFileResponse.m in Sources */,
				270B12421628EA8C005A82FA /* HTTPRedirectResponse.m in Sources */,
				270B12461628EA8C005A82FA /* WebSocket.m in Sources */,
				27D481E8162E32FE003FA4D2 /* DAVConnection.m in Sources */,
				27D481EC162E32FE003FA4D2 /* DAVResponse.m in Sources */,
				27D481F0162E32FE003FA4D2 /* DELETEResponse.m in Sources */,
				27D481F4162E32FE003FA4D2 /* PUTResponse.m in Sources */,
				27D1C362162E344100CA0018 /* MultipartFormDataParser.m in Sources */,
				27D1C366162E344100CA0018 /* MultipartMessageHeader.m in Sources */,
				27D1C36A162E344100CA0018 /* MultipartMessageHeaderField.m in Sources */,
			);
			runOnlyForDeploymentPostprocessing = 0;
		};
		270B11AD1628E676005A82FA /* Sources */ = {
			isa = PBXSourcesBuildPhase;
			buildActionMask = 2147483647;
			files = (
				270B12071628EA8C005A82FA /* DDData.m in Sources */,
				270B120B1628EA8C005A82FA /* DDNumber.m in Sources */,
				270B120F1628EA8C005A82FA /* DDRange.m in Sources */,
				270B12131628EA8C005A82FA /* HTTPAuthenticationRequest.m in Sources */,
				270B12171628EA8C005A82FA /* HTTPConnection.m in Sources */,
				270B121D1628EA8C005A82FA /* HTTPMessage.m in Sources */,
				270B12231628EA8C005A82FA /* HTTPServer.m in Sources */,
				270B12331628EA8C005A82FA /* HTTPAsyncFileResponse.m in Sources */,
				270B12371628EA8C005A82FA /* HTTPDataResponse.m in Sources */,
				270B123B1628EA8C005A82FA /* HTTPDynamicFileResponse.m in Sources */,
				270B123F1628EA8C005A82FA /* HTTPFileResponse.m in Sources */,
				270B12431628EA8C005A82FA /* HTTPRedirectResponse.m in Sources */,
				270B12471628EA8C005A82FA /* WebSocket.m in Sources */,
				27D481E9162E32FE003FA4D2 /* DAVConnection.m in Sources */,
				27D481ED162E32FE003FA4D2 /* DAVResponse.m in Sources */,
				27D481F1162E32FE003FA4D2 /* DELETEResponse.m in Sources */,
				27D481F5162E32FE003FA4D2 /* PUTResponse.m in Sources */,
				27D1C363162E344100CA0018 /* MultipartFormDataParser.m in Sources */,
				27D1C367162E344100CA0018 /* MultipartMessageHeader.m in Sources */,
				27D1C36B162E344100CA0018 /* MultipartMessageHeaderField.m in Sources */,
			);
			runOnlyForDeploymentPostprocessing = 0;
		};
		D5FE353A163AF4240090BB94 /* Sources */ = {
			isa = PBXSourcesBuildPhase;
			buildActionMask = 2147483647;
			files = (
				D5FE357E163AF4870090BB94 /* CocoaHTTPServerTests.m in Sources */,
			);
			runOnlyForDeploymentPostprocessing = 0;
		};
		D5FE3552163AF4370090BB94 /* Sources */ = {
			isa = PBXSourcesBuildPhase;
			buildActionMask = 2147483647;
			files = (
				D5FE357F163AF4870090BB94 /* CocoaHTTPServerTests.m in Sources */,
			);
			runOnlyForDeploymentPostprocessing = 0;
		};
/* End PBXSourcesBuildPhase section */

/* Begin PBXTargetDependency section */
		270B11CB1628E9A5005A82FA /* PBXTargetDependency */ = {
			isa = PBXTargetDependency;
			target = 270B118F1628E5A8005A82FA /* CocoaHTTPServerStaticIOS */;
			targetProxy = 270B11CA1628E9A5005A82FA /* PBXContainerItemProxy */;
		};
		270B12811628EB39005A82FA /* PBXTargetDependency */ = {
			isa = PBXTargetDependency;
			name = CocoaAsyncSocketStaticIOS;
			targetProxy = 270B12801628EB39005A82FA /* PBXContainerItemProxy */;
		};
		270B12831628EB3E005A82FA /* PBXTargetDependency */ = {
			isa = PBXTargetDependency;
			name = CocoaAsyncSocketOSX;
			targetProxy = 270B12821628EB3E005A82FA /* PBXContainerItemProxy */;
		};
		270B12851628EB41005A82FA /* PBXTargetDependency */ = {
			isa = PBXTargetDependency;
			name = CocoaAsyncSocketIOS;
			targetProxy = 270B12841628EB41005A82FA /* PBXContainerItemProxy */;
		};
		D5FE359F163AF5380090BB94 /* PBXTargetDependency */ = {
			isa = PBXTargetDependency;
			target = 270B118F1628E5A8005A82FA /* CocoaHTTPServerStaticIOS */;
			targetProxy = D5FE359E163AF5380090BB94 /* PBXContainerItemProxy */;
		};
		D5FE35A1163AF53C0090BB94 /* PBXTargetDependency */ = {
			isa = PBXTargetDependency;
			target = 270B11B11628E676005A82FA /* CocoaHTTPServerOSX */;
			targetProxy = D5FE35A0163AF53C0090BB94 /* PBXContainerItemProxy */;
		};
/* End PBXTargetDependency section */

/* Begin XCBuildConfiguration section */
		270B119C1628E5A8005A82FA /* Debug */ = {
			isa = XCBuildConfiguration;
			buildSettings = {
				ALWAYS_SEARCH_USER_PATHS = NO;
				CLANG_ENABLE_OBJC_ARC = YES;
				CLANG_WARN_CONSTANT_CONVERSION = YES;
				CLANG_WARN_ENUM_CONVERSION = YES;
				CLANG_WARN_INT_CONVERSION = YES;
				CLANG_WARN__DUPLICATE_METHOD_MATCH = YES;
				COPY_PHASE_STRIP = NO;
				DEAD_CODE_STRIPPING = NO;
				GCC_DYNAMIC_NO_PIC = NO;
				GCC_OPTIMIZATION_LEVEL = 0;
				GCC_PREPROCESSOR_DEFINITIONS = (
					"DEBUG=1",
					"$(inherited)",
				);
				GCC_SYMBOLS_PRIVATE_EXTERN = NO;
				GCC_VERSION = com.apple.compilers.llvm.clang.1_0;
				GCC_WARN_64_TO_32_BIT_CONVERSION = YES;
				GCC_WARN_ABOUT_RETURN_TYPE = YES;
				GCC_WARN_UNINITIALIZED_AUTOS = YES;
				GCC_WARN_UNUSED_VARIABLE = YES;
				HEADER_SEARCH_PATHS = "${SDKROOT}/usr/include/libxml2";
				INFOPLIST_FILE = "$(PROJECT_NAME)-Info.plist";
				IPHONEOS_DEPLOYMENT_TARGET = 6.0;
				MACOSX_DEPLOYMENT_TARGET = 10.8;
				ONLY_ACTIVE_ARCH = YES;
				PRODUCT_NAME = CocoaHTTPServer;
				SDKROOT = iphoneos;
				SKIP_INSTALL = YES;
				STRIP_STYLE = "non-global";
			};
			name = Debug;
		};
		270B119D1628E5A8005A82FA /* Release */ = {
			isa = XCBuildConfiguration;
			buildSettings = {
				ALWAYS_SEARCH_USER_PATHS = NO;
				CLANG_ENABLE_OBJC_ARC = YES;
				CLANG_WARN_CONSTANT_CONVERSION = YES;
				CLANG_WARN_ENUM_CONVERSION = YES;
				CLANG_WARN_INT_CONVERSION = YES;
				CLANG_WARN__DUPLICATE_METHOD_MATCH = YES;
				COPY_PHASE_STRIP = NO;
				DEAD_CODE_STRIPPING = NO;
				GCC_VERSION = com.apple.compilers.llvm.clang.1_0;
				GCC_WARN_64_TO_32_BIT_CONVERSION = YES;
				GCC_WARN_ABOUT_RETURN_TYPE = YES;
				GCC_WARN_UNINITIALIZED_AUTOS = YES;
				GCC_WARN_UNUSED_VARIABLE = YES;
				HEADER_SEARCH_PATHS = "${SDKROOT}/usr/include/libxml2";
				INFOPLIST_FILE = "$(PROJECT_NAME)-Info.plist";
				IPHONEOS_DEPLOYMENT_TARGET = 6.0;
				MACOSX_DEPLOYMENT_TARGET = 10.8;
				PRODUCT_NAME = CocoaHTTPServer;
				SDKROOT = iphoneos;
				SKIP_INSTALL = YES;
				STRIP_STYLE = "non-global";
				VALIDATE_PRODUCT = YES;
			};
			name = Release;
		};
		270B119F1628E5A8005A82FA /* Debug */ = {
			isa = XCBuildConfiguration;
			buildSettings = {
				PRIVATE_HEADERS_FOLDER_PATH = "$(PRODUCT_NAME)PrivateHeaders";
				PUBLIC_HEADERS_FOLDER_PATH = "$(PRODUCT_NAME)Headers";
			};
			name = Debug;
		};
		270B11A01628E5A8005A82FA /* Release */ = {
			isa = XCBuildConfiguration;
			buildSettings = {
				PRIVATE_HEADERS_FOLDER_PATH = "$(PRODUCT_NAME)PrivateHeaders";
				PUBLIC_HEADERS_FOLDER_PATH = "$(PRODUCT_NAME)Headers";
			};
			name = Release;
		};
		270B11AB1628E667005A82FA /* Debug */ = {
			isa = XCBuildConfiguration;
			buildSettings = {
			};
			name = Debug;
		};
		270B11AC1628E667005A82FA /* Release */ = {
			isa = XCBuildConfiguration;
			buildSettings = {
			};
			name = Release;
		};
		270B11C41628E676005A82FA /* Debug */ = {
			isa = XCBuildConfiguration;
			buildSettings = {
				ARCHS = "$(ARCHS_STANDARD_64_BIT)";
				COMBINE_HIDPI_IMAGES = YES;
				INSTALL_PATH = "@executable_path/../Frameworks";
				SDKROOT = macosx;
				WRAPPER_EXTENSION = framework;
			};
			name = Debug;
		};
		270B11C51628E676005A82FA /* Release */ = {
			isa = XCBuildConfiguration;
			buildSettings = {
				ARCHS = "$(ARCHS_STANDARD_64_BIT)";
				COMBINE_HIDPI_IMAGES = YES;
				DEBUG_INFORMATION_FORMAT = "dwarf-with-dsym";
				INSTALL_PATH = "@executable_path/../Frameworks";
				SDKROOT = macosx;
				WRAPPER_EXTENSION = framework;
			};
			name = Release;
		};
		D5FE3550163AF4240090BB94 /* Debug */ = {
			isa = XCBuildConfiguration;
			buildSettings = {
				FRAMEWORK_SEARCH_PATHS = (
					"\"$(SDKROOT)/Developer/Library/Frameworks\"",
					"\"$(DEVELOPER_LIBRARY_DIR)/Frameworks\"",
				);
				LIBRARY_SEARCH_PATHS = (
					"$(inherited)",
					"\"$(SDKROOT)/usr/lib/system\"",
				);
				OTHER_LDFLAGS = "-ObjC";
				PRODUCT_NAME = "$(TARGET_NAME)";
				WRAPPER_EXTENSION = octest;
			};
			name = Debug;
		};
		D5FE3551163AF4240090BB94 /* Release */ = {
			isa = XCBuildConfiguration;
			buildSettings = {
				COPY_PHASE_STRIP = YES;
				FRAMEWORK_SEARCH_PATHS = (
					"\"$(SDKROOT)/Developer/Library/Frameworks\"",
					"\"$(DEVELOPER_LIBRARY_DIR)/Frameworks\"",
				);
				LIBRARY_SEARCH_PATHS = (
					"$(inherited)",
					"\"$(SDKROOT)/usr/lib/system\"",
				);
				OTHER_LDFLAGS = "-ObjC";
				PRODUCT_NAME = "$(TARGET_NAME)";
				WRAPPER_EXTENSION = octest;
			};
			name = Release;
		};
		D5FE3565163AF4370090BB94 /* Debug */ = {
			isa = XCBuildConfiguration;
			buildSettings = {
				ARCHS = "$(ARCHS_STANDARD_64_BIT)";
				COMBINE_HIDPI_IMAGES = YES;
				FRAMEWORK_SEARCH_PATHS = "\"$(DEVELOPER_LIBRARY_DIR)/Frameworks\"";
				PRODUCT_NAME = "$(TARGET_NAME)";
				SDKROOT = macosx;
				WRAPPER_EXTENSION = octest;
			};
			name = Debug;
		};
		D5FE3566163AF4370090BB94 /* Release */ = {
			isa = XCBuildConfiguration;
			buildSettings = {
				ARCHS = "$(ARCHS_STANDARD_64_BIT)";
				COMBINE_HIDPI_IMAGES = YES;
				COPY_PHASE_STRIP = YES;
				DEBUG_INFORMATION_FORMAT = "dwarf-with-dsym";
				FRAMEWORK_SEARCH_PATHS = "\"$(DEVELOPER_LIBRARY_DIR)/Frameworks\"";
				PRODUCT_NAME = "$(TARGET_NAME)";
				SDKROOT = macosx;
				WRAPPER_EXTENSION = octest;
			};
			name = Release;
		};
/* End XCBuildConfiguration section */

/* Begin XCConfigurationList section */
		270B118A1628E5A8005A82FA /* Build configuration list for PBXProject "CocoaHTTPServer" */ = {
			isa = XCConfigurationList;
			buildConfigurations = (
				270B119C1628E5A8005A82FA /* Debug */,
				270B119D1628E5A8005A82FA /* Release */,
			);
			defaultConfigurationIsVisible = 0;
			defaultConfigurationName = Release;
		};
		270B119E1628E5A8005A82FA /* Build configuration list for PBXNativeTarget "CocoaHTTPServerStaticIOS" */ = {
			isa = XCConfigurationList;
			buildConfigurations = (
				270B119F1628E5A8005A82FA /* Debug */,
				270B11A01628E5A8005A82FA /* Release */,
			);
			defaultConfigurationIsVisible = 0;
			defaultConfigurationName = Release;
		};
		270B11AA1628E667005A82FA /* Build configuration list for PBXAggregateTarget "CocoaHTTPServerIOS" */ = {
			isa = XCConfigurationList;
			buildConfigurations = (
				270B11AB1628E667005A82FA /* Debug */,
				270B11AC1628E667005A82FA /* Release */,
			);
			defaultConfigurationIsVisible = 0;
			defaultConfigurationName = Release;
		};
		270B11C31628E676005A82FA /* Build configuration list for PBXNativeTarget "CocoaHTTPServerOSX" */ = {
			isa = XCConfigurationList;
			buildConfigurations = (
				270B11C41628E676005A82FA /* Debug */,
				270B11C51628E676005A82FA /* Release */,
			);
			defaultConfigurationIsVisible = 0;
			defaultConfigurationName = Release;
		};
		D5FE354F163AF4240090BB94 /* Build configuration list for PBXNativeTarget "CocoaHTTPServerIOSTests" */ = {
			isa = XCConfigurationList;
			buildConfigurations = (
				D5FE3550163AF4240090BB94 /* Debug */,
				D5FE3551163AF4240090BB94 /* Release */,
			);
			defaultConfigurationIsVisible = 0;
			defaultConfigurationName = Release;
		};
		D5FE3564163AF4370090BB94 /* Build configuration list for PBXNativeTarget "CocoaHTTPServerOSXTests" */ = {
			isa = XCConfigurationList;
			buildConfigurations = (
				D5FE3565163AF4370090BB94 /* Debug */,
				D5FE3566163AF4370090BB94 /* Release */,
			);
			defaultConfigurationIsVisible = 0;
			defaultConfigurationName = Release;
		};
/* End XCConfigurationList section */
	};
	rootObject = 270B11871628E5A8005A82FA /* Project object */;
}
