// !$*UTF8*$!
{
	archiveVersion = 1;
	classes = {
	};
	objectVersion = 46;
	objects = {

/* Begin PBXAggregateTarget section */
		270B11A91628E667005A82FA /* CocoaHTTPServerIOS */ = {
			isa = PBXAggregateTarget;
			buildConfigurationList = 270B11AA1628E667005A82FA /* Build configuration list for PBXAggregateTarget "CocoaHTTPServerIOS" */;
			buildPhases = (
			);
			dependencies = (
			);
			name = CocoaHTTPServerIOS;
			productName = CocoaHTTPServerIOS;
		};
/* End PBXAggregateTarget section */

/* Begin PBXBuildFile section */
		270B11941628E5A8005A82FA /* Foundation.framework in Frameworks */ = {isa = PBXBuildFile; fileRef = 270B11931628E5A8005A82FA /* Foundation.framework */; };
		270B11B41628E676005A82FA /* Cocoa.framework in Frameworks */ = {isa = PBXBuildFile; fileRef = 270B11B31628E676005A82FA /* Cocoa.framework */; };
/* End PBXBuildFile section */

/* Begin PBXCopyFilesBuildPhase section */
		270B118E1628E5A8005A82FA /* CopyFiles */ = {
			isa = PBXCopyFilesBuildPhase;
			buildActionMask = 2147483647;
			dstPath = "include/${PRODUCT_NAME}";
			dstSubfolderSpec = 16;
			files = (
			);
			runOnlyForDeploymentPostprocessing = 0;
		};
/* End PBXCopyFilesBuildPhase section */

/* Begin PBXFileReference section */
		270B11901628E5A8005A82FA /* libCocoaHTTPServer.a */ = {isa = PBXFileReference; explicitFileType = archive.ar; includeInIndex = 0; path = libCocoaHTTPServer.a; sourceTree = BUILT_PRODUCTS_DIR; };
		270B11931628E5A8005A82FA /* Foundation.framework */ = {isa = PBXFileReference; lastKnownFileType = wrapper.framework; name = Foundation.framework; path = System/Library/Frameworks/Foundation.framework; sourceTree = SDKROOT; };
		270B11B21628E676005A82FA /* CocoaHTTPServer.framework */ = {isa = PBXFileReference; explicitFileType = wrapper.framework; includeInIndex = 0; path = CocoaHTTPServer.framework; sourceTree = BUILT_PRODUCTS_DIR; };
		270B11B31628E676005A82FA /* Cocoa.framework */ = {isa = PBXFileReference; lastKnownFileType = wrapper.framework; name = Cocoa.framework; path = Library/Frameworks/Cocoa.framework; sourceTree = DEVELOPER_DIR; };
		270B11B61628E676005A82FA /* AppKit.framework */ = {isa = PBXFileReference; lastKnownFileType = wrapper.framework; name = AppKit.framework; path = Library/Frameworks/AppKit.framework; sourceTree = SDKROOT; };
		270B11B71628E676005A82FA /* CoreData.framework */ = {isa = PBXFileReference; lastKnownFileType = wrapper.framework; name = CoreData.framework; path = Library/Frameworks/CoreData.framework; sourceTree = SDKROOT; };
		270B11B81628E676005A82FA /* Foundation.framework */ = {isa = PBXFileReference; lastKnownFileType = wrapper.framework; name = Foundation.framework; path = Library/Frameworks/Foundation.framework; sourceTree = SDKROOT; };
/* End PBXFileReference section */

/* Begin PBXFrameworksBuildPhase section */
		270B118D1628E5A8005A82FA /* Frameworks */ = {
			isa = PBXFrameworksBuildPhase;
			buildActionMask = 2147483647;
			files = (
				270B11941628E5A8005A82FA /* Foundation.framework in Frameworks */,
			);
			runOnlyForDeploymentPostprocessing = 0;
		};
		270B11AE1628E676005A82FA /* Frameworks */ = {
			isa = PBXFrameworksBuildPhase;
			buildActionMask = 2147483647;
			files = (
				270B11B41628E676005A82FA /* Cocoa.framework in Frameworks */,
			);
			runOnlyForDeploymentPostprocessing = 0;
		};
/* End PBXFrameworksBuildPhase section */

/* Begin PBXGroup section */
		270B11851628E5A8005A82FA = {
			isa = PBXGroup;
			children = (
				270B11921628E5A8005A82FA /* Frameworks */,
				270B11911628E5A8005A82FA /* Products */,
			);
			sourceTree = "<group>";
		};
		270B11911628E5A8005A82FA /* Products */ = {
			isa = PBXGroup;
			children = (
				270B11901628E5A8005A82FA /* libCocoaHTTPServer.a */,
				270B11B21628E676005A82FA /* CocoaHTTPServer.framework */,
			);
			name = Products;
			sourceTree = "<group>";
		};
		270B11921628E5A8005A82FA /* Frameworks */ = {
			isa = PBXGroup;
			children = (
				270B11931628E5A8005A82FA /* Foundation.framework */,
				270B11B31628E676005A82FA /* Cocoa.framework */,
				270B11B51628E676005A82FA /* Other Frameworks */,
			);
			name = Frameworks;
			sourceTree = "<group>";
		};
		270B11B51628E676005A82FA /* Other Frameworks */ = {
			isa = PBXGroup;
			children = (
				270B11B61628E676005A82FA /* AppKit.framework */,
				270B11B71628E676005A82FA /* CoreData.framework */,
				270B11B81628E676005A82FA /* Foundation.framework */,
			);
			name = "Other Frameworks";
			sourceTree = "<group>";
		};
/* End PBXGroup section */

/* Begin PBXHeadersBuildPhase section */
		270B11AF1628E676005A82FA /* Headers */ = {
			isa = PBXHeadersBuildPhase;
			buildActionMask = 2147483647;
			files = (
			);
			runOnlyForDeploymentPostprocessing = 0;
		};
/* End PBXHeadersBuildPhase section */

/* Begin PBXNativeTarget section */
		270B118F1628E5A8005A82FA /* CocoaHTTPServerStaticIOS */ = {
			isa = PBXNativeTarget;
			buildConfigurationList = 270B119E1628E5A8005A82FA /* Build configuration list for PBXNativeTarget "CocoaHTTPServerStaticIOS" */;
			buildPhases = (
				270B118C1628E5A8005A82FA /* Sources */,
				270B118D1628E5A8005A82FA /* Frameworks */,
				270B118E1628E5A8005A82FA /* CopyFiles */,
			);
			buildRules = (
			);
			dependencies = (
			);
			name = CocoaHTTPServerStaticIOS;
			productName = CocoaHTTPServer;
			productReference = 270B11901628E5A8005A82FA /* libCocoaHTTPServer.a */;
			productType = "com.apple.product-type.library.static";
		};
		270B11B11628E676005A82FA /* CocoaHTTPServerOSX */ = {
			isa = PBXNativeTarget;
			buildConfigurationList = 270B11C31628E676005A82FA /* Build configuration list for PBXNativeTarget "CocoaHTTPServerOSX" */;
			buildPhases = (
				270B11AD1628E676005A82FA /* Sources */,
				270B11AE1628E676005A82FA /* Frameworks */,
				270B11AF1628E676005A82FA /* Headers */,
				270B11B01628E676005A82FA /* Resources */,
			);
			buildRules = (
			);
			dependencies = (
			);
			name = CocoaHTTPServerOSX;
			productName = CocoaHTTPServerOSX;
			productReference = 270B11B21628E676005A82FA /* CocoaHTTPServer.framework */;
			productType = "com.apple.product-type.framework";
		};
/* End PBXNativeTarget section */

/* Begin PBXProject section */
		270B11871628E5A8005A82FA /* Project object */ = {
			isa = PBXProject;
			attributes = {
				LastUpgradeCheck = 0440;
				ORGANIZATIONNAME = "ASE Group";
			};
			buildConfigurationList = 270B118A1628E5A8005A82FA /* Build configuration list for PBXProject "CocoaHTTPServer" */;
			compatibilityVersion = "Xcode 3.2";
			developmentRegion = English;
			hasScannedForEncodings = 0;
			knownRegions = (
				en,
			);
			mainGroup = 270B11851628E5A8005A82FA;
			productRefGroup = 270B11911628E5A8005A82FA /* Products */;
			projectDirPath = "";
			projectRoot = "";
			targets = (
				270B118F1628E5A8005A82FA /* CocoaHTTPServerStaticIOS */,
				270B11A91628E667005A82FA /* CocoaHTTPServerIOS */,
				270B11B11628E676005A82FA /* CocoaHTTPServerOSX */,
			);
		};
/* End PBXProject section */

/* Begin PBXResourcesBuildPhase section */
		270B11B01628E676005A82FA /* Resources */ = {
			isa = PBXResourcesBuildPhase;
			buildActionMask = 2147483647;
			files = (
			);
			runOnlyForDeploymentPostprocessing = 0;
		};
/* End PBXResourcesBuildPhase section */

/* Begin PBXSourcesBuildPhase section */
		270B118C1628E5A8005A82FA /* Sources */ = {
			isa = PBXSourcesBuildPhase;
			buildActionMask = 2147483647;
			files = (
			);
			runOnlyForDeploymentPostprocessing = 0;
		};
		270B11AD1628E676005A82FA /* Sources */ = {
			isa = PBXSourcesBuildPhase;
			buildActionMask = 2147483647;
			files = (
			);
			runOnlyForDeploymentPostprocessing = 0;
		};
/* End PBXSourcesBuildPhase section */

/* Begin XCBuildConfiguration section */
		270B119C1628E5A8005A82FA /* Debug */ = {
			isa = XCBuildConfiguration;
			buildSettings = {
				ALWAYS_SEARCH_USER_PATHS = NO;
				ARCHS = (
					"$(ARCHS_STANDARD_32_BIT)",
					armv6,
				);
				CLANG_CXX_LANGUAGE_STANDARD = "gnu++0x";
				CLANG_ENABLE_OBJC_ARC = YES;
				CLANG_WARN__DUPLICATE_METHOD_MATCH = YES;
				COPY_PHASE_STRIP = NO;
				DEAD_CODE_STRIPPING = NO;
				DYLIB_COMPATIBILITY_VERSION = 1;
				DYLIB_CURRENT_VERSION = 1;
				GCC_C_LANGUAGE_STANDARD = gnu99;
				GCC_DYNAMIC_NO_PIC = NO;
				GCC_OPTIMIZATION_LEVEL = 0;
				GCC_PREPROCESSOR_DEFINITIONS = (
					"DEBUG=1",
					"$(inherited)",
				);
				GCC_SYMBOLS_PRIVATE_EXTERN = NO;
				GCC_THUMB_SUPPORT = NO;
				GCC_VERSION = com.apple.compilers.llvm.clang.1_0;
				GCC_WARN_ABOUT_RETURN_TYPE = YES;
				GCC_WARN_UNINITIALIZED_AUTOS = YES;
				GCC_WARN_UNUSED_VARIABLE = YES;
				IPHONEOS_DEPLOYMENT_TARGET = 4.0;
				MACOSX_DEPLOYMENT_TARGET = 10.7;
				ONLY_ACTIVE_ARCH = YES;
				PRODUCT_NAME = "$(PROJECT_NAME)";
				SDKROOT = iphoneos;
				SKIP_INSTALL = YES;
				STRIP_STYLE = "non-global";
			};
			name = Debug;
		};
		270B119D1628E5A8005A82FA /* Release */ = {
			isa = XCBuildConfiguration;
			buildSettings = {
				ALWAYS_SEARCH_USER_PATHS = NO;
				ARCHS = (
					"$(ARCHS_STANDARD_32_BIT)",
					armv6,
				);
				CLANG_CXX_LANGUAGE_STANDARD = "gnu++0x";
				CLANG_ENABLE_OBJC_ARC = YES;
				CLANG_WARN__DUPLICATE_METHOD_MATCH = YES;
				COPY_PHASE_STRIP = NO;
				DEAD_CODE_STRIPPING = NO;
				DYLIB_COMPATIBILITY_VERSION = 1;
				DYLIB_CURRENT_VERSION = 1;
				GCC_C_LANGUAGE_STANDARD = gnu99;
				GCC_THUMB_SUPPORT = NO;
				GCC_VERSION = com.apple.compilers.llvm.clang.1_0;
				GCC_WARN_ABOUT_RETURN_TYPE = YES;
				GCC_WARN_UNINITIALIZED_AUTOS = YES;
				GCC_WARN_UNUSED_VARIABLE = YES;
				IPHONEOS_DEPLOYMENT_TARGET = 4.0;
				MACOSX_DEPLOYMENT_TARGET = 10.7;
				PRODUCT_NAME = "$(PROJECT_NAME)";
				SDKROOT = iphoneos;
				SKIP_INSTALL = YES;
				STRIP_STYLE = "non-global";
				VALIDATE_PRODUCT = YES;
			};
			name = Release;
		};
		270B119F1628E5A8005A82FA /* Debug */ = {
			isa = XCBuildConfiguration;
			buildSettings = {
				DSTROOT = /tmp/CocoaHTTPServer.dst;
				OTHER_LDFLAGS = "-ObjC";
				PRIVATE_HEADERS_FOLDER_PATH = "$(PRODUCT_NAME)PrivateHeaders";
				PUBLIC_HEADERS_FOLDER_PATH = "$(PRODUCT_NAME)Headers";
				SKIP_INSTALL = YES;
			};
			name = Debug;
		};
		270B11A01628E5A8005A82FA /* Release */ = {
			isa = XCBuildConfiguration;
			buildSettings = {
				DSTROOT = /tmp/CocoaHTTPServer.dst;
				OTHER_LDFLAGS = "-ObjC";
				PRIVATE_HEADERS_FOLDER_PATH = "$(PRODUCT_NAME)PrivateHeaders";
				PUBLIC_HEADERS_FOLDER_PATH = "$(PRODUCT_NAME)Headers";
				SKIP_INSTALL = YES;
			};
			name = Release;
		};
		270B11AB1628E667005A82FA /* Debug */ = {
			isa = XCBuildConfiguration;
			buildSettings = {
			};
			name = Debug;
		};
		270B11AC1628E667005A82FA /* Release */ = {
			isa = XCBuildConfiguration;
			buildSettings = {
			};
			name = Release;
		};
		270B11C41628E676005A82FA /* Debug */ = {
			isa = XCBuildConfiguration;
			buildSettings = {
				ARCHS = "$(ARCHS_STANDARD_64_BIT)";
				COMBINE_HIDPI_IMAGES = YES;
				DYLIB_COMPATIBILITY_VERSION = 1;
				DYLIB_CURRENT_VERSION = 1;
				FRAMEWORK_SEARCH_PATHS = (
					"$(inherited)",
					"\"$(SYSTEM_APPS_DIR)/Xcode.app/Contents/Developer/Library/Frameworks\"",
				);
				GCC_ENABLE_OBJC_EXCEPTIONS = YES;
				GCC_PRECOMPILE_PREFIX_HEADER = YES;
				GCC_PREFIX_HEADER = "CocoaHTTPServerOSX/CocoaHTTPServerOSX-Prefix.pch";
				GCC_WARN_64_TO_32_BIT_CONVERSION = YES;
				INSTALL_PATH = "@executable_path/../Frameworks";
				SDKROOT = macosx;
				WRAPPER_EXTENSION = framework;
			};
			name = Debug;
		};
		270B11C51628E676005A82FA /* Release */ = {
			isa = XCBuildConfiguration;
			buildSettings = {
				ARCHS = "$(ARCHS_STANDARD_64_BIT)";
				COMBINE_HIDPI_IMAGES = YES;
				DEBUG_INFORMATION_FORMAT = "dwarf-with-dsym";
				DYLIB_COMPATIBILITY_VERSION = 1;
				DYLIB_CURRENT_VERSION = 1;
				FRAMEWORK_SEARCH_PATHS = (
					"$(inherited)",
					"\"$(SYSTEM_APPS_DIR)/Xcode.app/Contents/Developer/Library/Frameworks\"",
				);
				GCC_ENABLE_OBJC_EXCEPTIONS = YES;
				GCC_PRECOMPILE_PREFIX_HEADER = YES;
				GCC_PREFIX_HEADER = "CocoaHTTPServerOSX/CocoaHTTPServerOSX-Prefix.pch";
				GCC_WARN_64_TO_32_BIT_CONVERSION = YES;
				INSTALL_PATH = "@executable_path/../Frameworks";
				SDKROOT = macosx;
				WRAPPER_EXTENSION = framework;
			};
			name = Release;
		};
/* End XCBuildConfiguration section */

/* Begin XCConfigurationList section */
		270B118A1628E5A8005A82FA /* Build configuration list for PBXProject "CocoaHTTPServer" */ = {
			isa = XCConfigurationList;
			buildConfigurations = (
				270B119C1628E5A8005A82FA /* Debug */,
				270B119D1628E5A8005A82FA /* Release */,
			);
			defaultConfigurationIsVisible = 0;
			defaultConfigurationName = Release;
		};
		270B119E1628E5A8005A82FA /* Build configuration list for PBXNativeTarget "CocoaHTTPServerStaticIOS" */ = {
			isa = XCConfigurationList;
			buildConfigurations = (
				270B119F1628E5A8005A82FA /* Debug */,
				270B11A01628E5A8005A82FA /* Release */,
			);
			defaultConfigurationIsVisible = 0;
			defaultConfigurationName = Release;
		};
		270B11AA1628E667005A82FA /* Build configuration list for PBXAggregateTarget "CocoaHTTPServerIOS" */ = {
			isa = XCConfigurationList;
			buildConfigurations = (
				270B11AB1628E667005A82FA /* Debug */,
				270B11AC1628E667005A82FA /* Release */,
			);
			defaultConfigurationIsVisible = 0;
		};
		270B11C31628E676005A82FA /* Build configuration list for PBXNativeTarget "CocoaHTTPServerOSX" */ = {
			isa = XCConfigurationList;
			buildConfigurations = (
				270B11C41628E676005A82FA /* Debug */,
				270B11C51628E676005A82FA /* Release */,
			);
			defaultConfigurationIsVisible = 0;
		};
/* End XCConfigurationList section */
	};
	rootObject = 270B11871628E5A8005A82FA /* Project object */;
}
